// !$*UTF8*$!
{
	archiveVersion = 1;
	classes = {
	};
	objectVersion = 56;
	objects = {

/* Begin PBXBuildFile section */
		F1078EBC2C523960001A962C /* MovieDescriptionView.swift in Sources */ = {isa = PBXBuildFile; fileRef = F1078EBB2C523960001A962C /* MovieDescriptionView.swift */; };
		F1078EBE2C523AC9001A962C /* MovieInfoView.swift in Sources */ = {isa = PBXBuildFile; fileRef = F1078EBD2C523AC9001A962C /* MovieInfoView.swift */; };
		F1078EC12C523C2D001A962C /* DetailViewModel.swift in Sources */ = {isa = PBXBuildFile; fileRef = F1078EC02C523C2D001A962C /* DetailViewModel.swift */; };
		F1078EC32C523C96001A962C /* MovieDetails.swift in Sources */ = {isa = PBXBuildFile; fileRef = F1078EC22C523C96001A962C /* MovieDetails.swift */; };
		F1078EC52C52459C001A962C /* MovieImages.swift in Sources */ = {isa = PBXBuildFile; fileRef = F1078EC42C52459C001A962C /* MovieImages.swift */; };
		F10F89522C9C7F8A0096B2DA /* SettingsView.swift in Sources */ = {isa = PBXBuildFile; fileRef = F10F89512C9C7F8A0096B2DA /* SettingsView.swift */; };
		F10F89542C9C857C0096B2DA /* Notification+Ext.swift in Sources */ = {isa = PBXBuildFile; fileRef = F10F89532C9C857C0096B2DA /* Notification+Ext.swift */; };
		F10F89562C9C85F10096B2DA /* MScreenRecorder.swift in Sources */ = {isa = PBXBuildFile; fileRef = F10F89552C9C85F10096B2DA /* MScreenRecorder.swift */; };
		F10F89582C9C95E20096B2DA /* ReportBugView.swift in Sources */ = {isa = PBXBuildFile; fileRef = F10F89572C9C95E20096B2DA /* ReportBugView.swift */; };
		F11504672C482B1400C18FDF /* Launch Screen.storyboard in Resources */ = {isa = PBXBuildFile; fileRef = F11504662C482B1400C18FDF /* Launch Screen.storyboard */; };
		F136F2A02CA1609C00BFF4AD /* WidgetKit.framework in Frameworks */ = {isa = PBXBuildFile; fileRef = F136F29F2CA1609C00BFF4AD /* WidgetKit.framework */; };
		F136F2A22CA1609C00BFF4AD /* SwiftUI.framework in Frameworks */ = {isa = PBXBuildFile; fileRef = F136F2A12CA1609C00BFF4AD /* SwiftUI.framework */; };
		F136F2A52CA1609C00BFF4AD /* MWidgetMain.swift in Sources */ = {isa = PBXBuildFile; fileRef = F136F2A42CA1609C00BFF4AD /* MWidgetMain.swift */; };
		F136F2A72CA1609C00BFF4AD /* MWidgetLiveActivity.swift in Sources */ = {isa = PBXBuildFile; fileRef = F136F2A62CA1609C00BFF4AD /* MWidgetLiveActivity.swift */; };
		F136F2A92CA1609C00BFF4AD /* MWidget.swift in Sources */ = {isa = PBXBuildFile; fileRef = F136F2A82CA1609C00BFF4AD /* MWidget.swift */; };
		F136F2AB2CA1609F00BFF4AD /* Assets.xcassets in Resources */ = {isa = PBXBuildFile; fileRef = F136F2AA2CA1609F00BFF4AD /* Assets.xcassets */; };
		F136F2AF2CA1609F00BFF4AD /* MWidgetExtension.appex in Embed Foundation Extensions */ = {isa = PBXBuildFile; fileRef = F136F29E2CA1609C00BFF4AD /* MWidgetExtension.appex */; settings = {ATTRIBUTES = (RemoveHeadersOnCopy, ); }; };
		F136F2B62CA163E400BFF4AD /* MEntry.swift in Sources */ = {isa = PBXBuildFile; fileRef = F136F2B42CA1637300BFF4AD /* MEntry.swift */; };
		F136F2B72CA1645A00BFF4AD /* PreviewProvider.swift in Sources */ = {isa = PBXBuildFile; fileRef = F144E62729826C070019304C /* PreviewProvider.swift */; };
		F136F2B92CA164DC00BFF4AD /* MoviesNetworkingService.swift in Sources */ = {isa = PBXBuildFile; fileRef = F1AD18392981444F00B5A0A7 /* MoviesNetworkingService.swift */; };
		F136F2BA2CA164F900BFF4AD /* APIConstructor.swift in Sources */ = {isa = PBXBuildFile; fileRef = F1AD183F29814F4B00B5A0A7 /* APIConstructor.swift */; };
		F136F2BB2CA164FB00BFF4AD /* Endpoint.swift in Sources */ = {isa = PBXBuildFile; fileRef = F1AD183B2981462100B5A0A7 /* Endpoint.swift */; };
		F136F2BC2CA1650000BFF4AD /* DefaultURLBuilder.swift in Sources */ = {isa = PBXBuildFile; fileRef = F1AD183D298147A100B5A0A7 /* DefaultURLBuilder.swift */; };
		F136F2BD2CA1653C00BFF4AD /* Movie.swift in Sources */ = {isa = PBXBuildFile; fileRef = F144E622298269910019304C /* Movie.swift */; };
		F136F2BE2CA1655300BFF4AD /* Data.swift in Sources */ = {isa = PBXBuildFile; fileRef = F14A5BD32C61E65200CF3611 /* Data.swift */; };
		F136F2BF2CA1659400BFF4AD /* MErrorHandler.swift in Sources */ = {isa = PBXBuildFile; fileRef = F14A5BD52C61E80400CF3611 /* MErrorHandler.swift */; };
		F136F2C42CA1677300BFF4AD /* MScreenRecorder.swift in Sources */ = {isa = PBXBuildFile; fileRef = F10F89552C9C85F10096B2DA /* MScreenRecorder.swift */; };
		F136F2C52CA1677F00BFF4AD /* Genre.swift in Sources */ = {isa = PBXBuildFile; fileRef = F1C0C43C2981585A00AD856B /* Genre.swift */; };
		F136F2C62CA1678200BFF4AD /* Review.swift in Sources */ = {isa = PBXBuildFile; fileRef = F13D347D2983F7A700B5866E /* Review.swift */; };
		F136F2C72CA1678500BFF4AD /* MovieDetails.swift in Sources */ = {isa = PBXBuildFile; fileRef = F1078EC22C523C96001A962C /* MovieDetails.swift */; };
		F136F2C82CA1678700BFF4AD /* MovieImages.swift in Sources */ = {isa = PBXBuildFile; fileRef = F1078EC42C52459C001A962C /* MovieImages.swift */; };
		F136F2C92CA1679000BFF4AD /* String.swift in Sources */ = {isa = PBXBuildFile; fileRef = F13D34812984030700B5866E /* String.swift */; };
		F136F2CA2CA167AD00BFF4AD /* Notification+Ext.swift in Sources */ = {isa = PBXBuildFile; fileRef = F10F89532C9C857C0096B2DA /* Notification+Ext.swift */; };
		F136F2CC2CA1682F00BFF4AD /* View.swift in Sources */ = {isa = PBXBuildFile; fileRef = F144E67C2982AD530019304C /* View.swift */; };
		F136F2CD2CA1686400BFF4AD /* MBackButton.swift in Sources */ = {isa = PBXBuildFile; fileRef = F1B4C4E42C48F570009D29ED /* MBackButton.swift */; };
		F136F2CE2CA1688300BFF4AD /* Build.swift in Sources */ = {isa = PBXBuildFile; fileRef = F1942B112C439FE600266BAD /* Build.swift */; };
		F136F2CF2CA168C200BFF4AD /* Optional.swift in Sources */ = {isa = PBXBuildFile; fileRef = F144E62929826E770019304C /* Optional.swift */; };
		F136F2D02CA1785D00BFF4AD /* secrets-debug.xcconfig in Resources */ = {isa = PBXBuildFile; fileRef = F1942B0E2C439DA700266BAD /* secrets-debug.xcconfig */; };
		F13D34762983D2B900B5866E /* DetailView.swift in Sources */ = {isa = PBXBuildFile; fileRef = F13D34752983D2B900B5866E /* DetailView.swift */; };
		F13D34782983E46600B5866E /* MImageView.swift in Sources */ = {isa = PBXBuildFile; fileRef = F13D34772983E46600B5866E /* MImageView.swift */; };
		F13D347A2983EE7200B5866E /* Double.swift in Sources */ = {isa = PBXBuildFile; fileRef = F13D34792983EE7200B5866E /* Double.swift */; };
		F13D347E2983F7A700B5866E /* Review.swift in Sources */ = {isa = PBXBuildFile; fileRef = F13D347D2983F7A700B5866E /* Review.swift */; };
		F13D34802983FC6500B5866E /* ReviewCard.swift in Sources */ = {isa = PBXBuildFile; fileRef = F13D347F2983FC6500B5866E /* ReviewCard.swift */; };
		F13D34822984030700B5866E /* String.swift in Sources */ = {isa = PBXBuildFile; fileRef = F13D34812984030700B5866E /* String.swift */; };
		F144E623298269910019304C /* Movie.swift in Sources */ = {isa = PBXBuildFile; fileRef = F144E622298269910019304C /* Movie.swift */; };
		F144E62829826C070019304C /* PreviewProvider.swift in Sources */ = {isa = PBXBuildFile; fileRef = F144E62729826C070019304C /* PreviewProvider.swift */; };
		F144E62A29826E770019304C /* Optional.swift in Sources */ = {isa = PBXBuildFile; fileRef = F144E62929826E770019304C /* Optional.swift */; };
		F144E62C298276240019304C /* Colors.xcassets in Resources */ = {isa = PBXBuildFile; fileRef = F144E62B298276240019304C /* Colors.xcassets */; };
		F144E62E298276490019304C /* Color.swift in Sources */ = {isa = PBXBuildFile; fileRef = F144E62D298276490019304C /* Color.swift */; };
		F144E67229829BD70019304C /* Poppins-Black.ttf in Resources */ = {isa = PBXBuildFile; fileRef = F144E64E298298FB0019304C /* Poppins-Black.ttf */; };
		F144E67329829BD70019304C /* Poppins-Bold.ttf in Resources */ = {isa = PBXBuildFile; fileRef = F144E64D298298FA0019304C /* Poppins-Bold.ttf */; };
		F144E67429829BD70019304C /* Poppins-Light.ttf in Resources */ = {isa = PBXBuildFile; fileRef = F144E653298298FE0019304C /* Poppins-Light.ttf */; };
		F144E67529829BD70019304C /* Poppins-Medium.ttf in Resources */ = {isa = PBXBuildFile; fileRef = F144E654298298FF0019304C /* Poppins-Medium.ttf */; };
		F144E67B2982AB650019304C /* SearchBar.swift in Sources */ = {isa = PBXBuildFile; fileRef = F144E67A2982AB650019304C /* SearchBar.swift */; };
		F144E67D2982AD530019304C /* View.swift in Sources */ = {isa = PBXBuildFile; fileRef = F144E67C2982AD530019304C /* View.swift */; };
		F144E67F2982AD5D0019304C /* UIApplication.swift in Sources */ = {isa = PBXBuildFile; fileRef = F144E67E2982AD5D0019304C /* UIApplication.swift */; };
		F14A5BD42C61E65200CF3611 /* Data.swift in Sources */ = {isa = PBXBuildFile; fileRef = F14A5BD32C61E65200CF3611 /* Data.swift */; };
		F14A5BD62C61E80400CF3611 /* MErrorHandler.swift in Sources */ = {isa = PBXBuildFile; fileRef = F14A5BD52C61E80400CF3611 /* MErrorHandler.swift */; };
		F14A5BD92C61EF5300CF3611 /* GalleryVC.swift in Sources */ = {isa = PBXBuildFile; fileRef = F14A5BD82C61EF5200CF3611 /* GalleryVC.swift */; };
		F14A5BDB2C61FA0400CF3611 /* MLoadingView.swift in Sources */ = {isa = PBXBuildFile; fileRef = F14A5BDA2C61FA0400CF3611 /* MLoadingView.swift */; };
		F14A5BDE2C61FC8300CF3611 /* UIViewControllerWrapper.swift in Sources */ = {isa = PBXBuildFile; fileRef = F14A5BDD2C61FC8300CF3611 /* UIViewControllerWrapper.swift */; };
		F14A5BE02C61FF4A00CF3611 /* GalleryViewModel.swift in Sources */ = {isa = PBXBuildFile; fileRef = F14A5BDF2C61FF4A00CF3611 /* GalleryViewModel.swift */; };
		F14A5BE22C62004D00CF3611 /* GalleryCell.swift in Sources */ = {isa = PBXBuildFile; fileRef = F14A5BE12C62004D00CF3611 /* GalleryCell.swift */; };
		F14A5BE42C62035200CF3611 /* UIKitImageView.swift in Sources */ = {isa = PBXBuildFile; fileRef = F14A5BE32C62035200CF3611 /* UIKitImageView.swift */; };
		F14EC5C42C9AFEDC00ADE7ED /* MDependencyManager.swift in Sources */ = {isa = PBXBuildFile; fileRef = F14EC5C32C9AFEDB00ADE7ED /* MDependencyManager.swift */; };
		F1620EE42D92902C00F69D57 /* MovieVideos.swift in Sources */ = {isa = PBXBuildFile; fileRef = F1620EE32D92902100F69D57 /* MovieVideos.swift */; };
		F1620EE52D92902C00F69D57 /* MovieVideos.swift in Sources */ = {isa = PBXBuildFile; fileRef = F1620EE32D92902100F69D57 /* MovieVideos.swift */; };
		F1620FCA2D929F5E00F69D57 /* YouTubePlayerView.swift in Sources */ = {isa = PBXBuildFile; fileRef = F1620FC92D929F5D00F69D57 /* YouTubePlayerView.swift */; };
		F16951412D89573700FFC1C6 /* MURLProtocol.swift in Sources */ = {isa = PBXBuildFile; fileRef = F16951402D89572A00FFC1C6 /* MURLProtocol.swift */; };
		F16951422D89573700FFC1C6 /* MURLProtocol.swift in Sources */ = {isa = PBXBuildFile; fileRef = F16951402D89572A00FFC1C6 /* MURLProtocol.swift */; };
		F16FD38E2C9B058C0086EB8C /* Swinject in Frameworks */ = {isa = PBXBuildFile; productRef = F16FD38D2C9B058C0086EB8C /* Swinject */; };
		F1942B0F2C439DA700266BAD /* secrets-debug.xcconfig in Resources */ = {isa = PBXBuildFile; fileRef = F1942B0E2C439DA700266BAD /* secrets-debug.xcconfig */; };
		F1942B122C439FE600266BAD /* Build.swift in Sources */ = {isa = PBXBuildFile; fileRef = F1942B112C439FE600266BAD /* Build.swift */; };
		F1942B172C43B5F700266BAD /* PreviewCardView.swift in Sources */ = {isa = PBXBuildFile; fileRef = F1942B162C43B5F700266BAD /* PreviewCardView.swift */; };
		F19AEB042C43C83000A43246 /* MImageManager.swift in Sources */ = {isa = PBXBuildFile; fileRef = F19AEB032C43C83000A43246 /* MImageManager.swift */; };
		F19AEB062C43C8A400A43246 /* MButton.swift in Sources */ = {isa = PBXBuildFile; fileRef = F19AEB052C43C8A400A43246 /* MButton.swift */; };
		F19AEB082C43D8C000A43246 /* ContinueWatchingCardView.swift in Sources */ = {isa = PBXBuildFile; fileRef = F19AEB072C43D8C000A43246 /* ContinueWatchingCardView.swift */; };
		F19AEB0A2C43E09D00A43246 /* Top10CardView.swift in Sources */ = {isa = PBXBuildFile; fileRef = F19AEB092C43E09D00A43246 /* Top10CardView.swift */; };
		F19AEB0C2C43E55D00A43246 /* MTitleView.swift in Sources */ = {isa = PBXBuildFile; fileRef = F19AEB0B2C43E55D00A43246 /* MTitleView.swift */; };
		F19AEB0E2C43E6F800A43246 /* TopMovieView.swift in Sources */ = {isa = PBXBuildFile; fileRef = F19AEB0D2C43E6F800A43246 /* TopMovieView.swift */; };
		F1AD182429813A5A00B5A0A7 /* MoviesApp.swift in Sources */ = {isa = PBXBuildFile; fileRef = F1AD182329813A5A00B5A0A7 /* MoviesApp.swift */; };
		F1AD182829813A5C00B5A0A7 /* Assets.xcassets in Resources */ = {isa = PBXBuildFile; fileRef = F1AD182729813A5C00B5A0A7 /* Assets.xcassets */; };
		F1AD182B29813A5C00B5A0A7 /* Preview Assets.xcassets in Resources */ = {isa = PBXBuildFile; fileRef = F1AD182A29813A5C00B5A0A7 /* Preview Assets.xcassets */; };
		F1AD183829813AC500B5A0A7 /* HomeView.swift in Sources */ = {isa = PBXBuildFile; fileRef = F1AD183729813AC500B5A0A7 /* HomeView.swift */; };
		F1AD183A2981444F00B5A0A7 /* MoviesNetworkingService.swift in Sources */ = {isa = PBXBuildFile; fileRef = F1AD18392981444F00B5A0A7 /* MoviesNetworkingService.swift */; };
		F1AD183C2981462100B5A0A7 /* Endpoint.swift in Sources */ = {isa = PBXBuildFile; fileRef = F1AD183B2981462100B5A0A7 /* Endpoint.swift */; };
		F1AD183E298147A100B5A0A7 /* DefaultURLBuilder.swift in Sources */ = {isa = PBXBuildFile; fileRef = F1AD183D298147A100B5A0A7 /* DefaultURLBuilder.swift */; };
		F1AD184029814F4B00B5A0A7 /* APIConstructor.swift in Sources */ = {isa = PBXBuildFile; fileRef = F1AD183F29814F4B00B5A0A7 /* APIConstructor.swift */; };
		F1B4C4E52C48F570009D29ED /* MBackButton.swift in Sources */ = {isa = PBXBuildFile; fileRef = F1B4C4E42C48F570009D29ED /* MBackButton.swift */; };
		F1BD7CF22C9D4F5000A19842 /* VideoPlayerView.swift in Sources */ = {isa = PBXBuildFile; fileRef = F1BD7CF12C9D4F5000A19842 /* VideoPlayerView.swift */; };
		F1C0C43D2981585A00AD856B /* Genre.swift in Sources */ = {isa = PBXBuildFile; fileRef = F1C0C43C2981585A00AD856B /* Genre.swift */; };
		F1C0C43F298158AA00AD856B /* HomeViewModel.swift in Sources */ = {isa = PBXBuildFile; fileRef = F1C0C43E298158AA00AD856B /* HomeViewModel.swift */; };
		F1C0C44129815F0E00AD856B /* GenreCard.swift in Sources */ = {isa = PBXBuildFile; fileRef = F1C0C44029815F0E00AD856B /* GenreCard.swift */; };
		F1DE754C2D8AA66600259B63 /* MConstants.swift in Sources */ = {isa = PBXBuildFile; fileRef = F1DE754B2D8AA66100259B63 /* MConstants.swift */; };
		F1DE754D2D8AA66600259B63 /* MConstants.swift in Sources */ = {isa = PBXBuildFile; fileRef = F1DE754B2D8AA66100259B63 /* MConstants.swift */; };
		F1F333A62D92BD48004091B1 /* MTabsView.swift in Sources */ = {isa = PBXBuildFile; fileRef = F1F333A52D92BD41004091B1 /* MTabsView.swift */; };
		F1F333A92D92C466004091B1 /* SearchView.swift in Sources */ = {isa = PBXBuildFile; fileRef = F1F333A82D92C461004091B1 /* SearchView.swift */; };
		F1FD99912CA28E5000ACF9F2 /* MLiveActivityHandler.swift in Sources */ = {isa = PBXBuildFile; fileRef = F1FD99902CA28E5000ACF9F2 /* MLiveActivityHandler.swift */; };
		F1FD99922CA28EFB00ACF9F2 /* MWidgetLiveActivity.swift in Sources */ = {isa = PBXBuildFile; fileRef = F136F2A62CA1609C00BFF4AD /* MWidgetLiveActivity.swift */; };
		F1FD99942CA28FA900ACF9F2 /* MLiveActivityAttributes.swift in Sources */ = {isa = PBXBuildFile; fileRef = F1FD99932CA28FA900ACF9F2 /* MLiveActivityAttributes.swift */; };
		F1FD99952CA28FAD00ACF9F2 /* MLiveActivityAttributes.swift in Sources */ = {isa = PBXBuildFile; fileRef = F1FD99932CA28FA900ACF9F2 /* MLiveActivityAttributes.swift */; };
		F1FD99962CA2A24A00ACF9F2 /* Color.swift in Sources */ = {isa = PBXBuildFile; fileRef = F144E62D298276490019304C /* Color.swift */; };
		F1FD999B2CA2AE7D00ACF9F2 /* MLiveActivityViews.swift in Sources */ = {isa = PBXBuildFile; fileRef = F1FD99992CA2ADB400ACF9F2 /* MLiveActivityViews.swift */; };
		F1FD999C2CA2AE8200ACF9F2 /* MLiveActivityViews.swift in Sources */ = {isa = PBXBuildFile; fileRef = F1FD99992CA2ADB400ACF9F2 /* MLiveActivityViews.swift */; };
/* End PBXBuildFile section */

/* Begin PBXContainerItemProxy section */
		F136F2AD2CA1609F00BFF4AD /* PBXContainerItemProxy */ = {
			isa = PBXContainerItemProxy;
			containerPortal = F1AD181829813A5A00B5A0A7 /* Project object */;
			proxyType = 1;
			remoteGlobalIDString = F136F29D2CA1609C00BFF4AD;
			remoteInfo = MWidgetExtension;
		};
/* End PBXContainerItemProxy section */

/* Begin PBXCopyFilesBuildPhase section */
		F136F2B32CA1609F00BFF4AD /* Embed Foundation Extensions */ = {
			isa = PBXCopyFilesBuildPhase;
			buildActionMask = 2147483647;
			dstPath = "";
			dstSubfolderSpec = 13;
			files = (
				F136F2AF2CA1609F00BFF4AD /* MWidgetExtension.appex in Embed Foundation Extensions */,
			);
			name = "Embed Foundation Extensions";
			runOnlyForDeploymentPostprocessing = 0;
		};
/* End PBXCopyFilesBuildPhase section */

/* Begin PBXFileReference section */
		F1078EBB2C523960001A962C /* MovieDescriptionView.swift */ = {isa = PBXFileReference; lastKnownFileType = sourcecode.swift; path = MovieDescriptionView.swift; sourceTree = "<group>"; };
		F1078EBD2C523AC9001A962C /* MovieInfoView.swift */ = {isa = PBXFileReference; lastKnownFileType = sourcecode.swift; path = MovieInfoView.swift; sourceTree = "<group>"; };
		F1078EC02C523C2D001A962C /* DetailViewModel.swift */ = {isa = PBXFileReference; lastKnownFileType = sourcecode.swift; path = DetailViewModel.swift; sourceTree = "<group>"; };
		F1078EC22C523C96001A962C /* MovieDetails.swift */ = {isa = PBXFileReference; lastKnownFileType = sourcecode.swift; path = MovieDetails.swift; sourceTree = "<group>"; };
		F1078EC42C52459C001A962C /* MovieImages.swift */ = {isa = PBXFileReference; lastKnownFileType = sourcecode.swift; path = MovieImages.swift; sourceTree = "<group>"; };
		F10F89512C9C7F8A0096B2DA /* SettingsView.swift */ = {isa = PBXFileReference; lastKnownFileType = sourcecode.swift; path = SettingsView.swift; sourceTree = "<group>"; };
		F10F89532C9C857C0096B2DA /* Notification+Ext.swift */ = {isa = PBXFileReference; lastKnownFileType = sourcecode.swift; path = "Notification+Ext.swift"; sourceTree = "<group>"; };
		F10F89552C9C85F10096B2DA /* MScreenRecorder.swift */ = {isa = PBXFileReference; lastKnownFileType = sourcecode.swift; path = MScreenRecorder.swift; sourceTree = "<group>"; };
		F10F89572C9C95E20096B2DA /* ReportBugView.swift */ = {isa = PBXFileReference; lastKnownFileType = sourcecode.swift; path = ReportBugView.swift; sourceTree = "<group>"; };
		F11504662C482B1400C18FDF /* Launch Screen.storyboard */ = {isa = PBXFileReference; lastKnownFileType = file.storyboard; path = "Launch Screen.storyboard"; sourceTree = "<group>"; };
		F136F29E2CA1609C00BFF4AD /* MWidgetExtension.appex */ = {isa = PBXFileReference; explicitFileType = "wrapper.app-extension"; includeInIndex = 0; path = MWidgetExtension.appex; sourceTree = BUILT_PRODUCTS_DIR; };
		F136F29F2CA1609C00BFF4AD /* WidgetKit.framework */ = {isa = PBXFileReference; lastKnownFileType = wrapper.framework; name = WidgetKit.framework; path = System/Library/Frameworks/WidgetKit.framework; sourceTree = SDKROOT; };
		F136F2A12CA1609C00BFF4AD /* SwiftUI.framework */ = {isa = PBXFileReference; lastKnownFileType = wrapper.framework; name = SwiftUI.framework; path = System/Library/Frameworks/SwiftUI.framework; sourceTree = SDKROOT; };
		F136F2A42CA1609C00BFF4AD /* MWidgetMain.swift */ = {isa = PBXFileReference; lastKnownFileType = sourcecode.swift; path = MWidgetMain.swift; sourceTree = "<group>"; };
		F136F2A62CA1609C00BFF4AD /* MWidgetLiveActivity.swift */ = {isa = PBXFileReference; lastKnownFileType = sourcecode.swift; path = MWidgetLiveActivity.swift; sourceTree = "<group>"; };
		F136F2A82CA1609C00BFF4AD /* MWidget.swift */ = {isa = PBXFileReference; lastKnownFileType = sourcecode.swift; path = MWidget.swift; sourceTree = "<group>"; };
		F136F2AA2CA1609F00BFF4AD /* Assets.xcassets */ = {isa = PBXFileReference; lastKnownFileType = folder.assetcatalog; path = Assets.xcassets; sourceTree = "<group>"; };
		F136F2AC2CA1609F00BFF4AD /* Info.plist */ = {isa = PBXFileReference; lastKnownFileType = text.plist.xml; path = Info.plist; sourceTree = "<group>"; };
		F136F2B42CA1637300BFF4AD /* MEntry.swift */ = {isa = PBXFileReference; lastKnownFileType = sourcecode.swift; path = MEntry.swift; sourceTree = "<group>"; };
		F13D34752983D2B900B5866E /* DetailView.swift */ = {isa = PBXFileReference; lastKnownFileType = sourcecode.swift; path = DetailView.swift; sourceTree = "<group>"; };
		F13D34772983E46600B5866E /* MImageView.swift */ = {isa = PBXFileReference; lastKnownFileType = sourcecode.swift; path = MImageView.swift; sourceTree = "<group>"; };
		F13D34792983EE7200B5866E /* Double.swift */ = {isa = PBXFileReference; lastKnownFileType = sourcecode.swift; path = Double.swift; sourceTree = "<group>"; };
		F13D347D2983F7A700B5866E /* Review.swift */ = {isa = PBXFileReference; lastKnownFileType = sourcecode.swift; path = Review.swift; sourceTree = "<group>"; };
		F13D347F2983FC6500B5866E /* ReviewCard.swift */ = {isa = PBXFileReference; lastKnownFileType = sourcecode.swift; path = ReviewCard.swift; sourceTree = "<group>"; };
		F13D34812984030700B5866E /* String.swift */ = {isa = PBXFileReference; lastKnownFileType = sourcecode.swift; path = String.swift; sourceTree = "<group>"; };
		F144E622298269910019304C /* Movie.swift */ = {isa = PBXFileReference; lastKnownFileType = sourcecode.swift; path = Movie.swift; sourceTree = "<group>"; };
		F144E62729826C070019304C /* PreviewProvider.swift */ = {isa = PBXFileReference; lastKnownFileType = sourcecode.swift; path = PreviewProvider.swift; sourceTree = "<group>"; };
		F144E62929826E770019304C /* Optional.swift */ = {isa = PBXFileReference; lastKnownFileType = sourcecode.swift; path = Optional.swift; sourceTree = "<group>"; };
		F144E62B298276240019304C /* Colors.xcassets */ = {isa = PBXFileReference; lastKnownFileType = folder.assetcatalog; path = Colors.xcassets; sourceTree = "<group>"; };
		F144E62D298276490019304C /* Color.swift */ = {isa = PBXFileReference; lastKnownFileType = sourcecode.swift; path = Color.swift; sourceTree = "<group>"; };
		F144E64D298298FA0019304C /* Poppins-Bold.ttf */ = {isa = PBXFileReference; lastKnownFileType = file; path = "Poppins-Bold.ttf"; sourceTree = "<group>"; };
		F144E64E298298FB0019304C /* Poppins-Black.ttf */ = {isa = PBXFileReference; lastKnownFileType = file; path = "Poppins-Black.ttf"; sourceTree = "<group>"; };
		F144E653298298FE0019304C /* Poppins-Light.ttf */ = {isa = PBXFileReference; lastKnownFileType = file; path = "Poppins-Light.ttf"; sourceTree = "<group>"; };
		F144E654298298FF0019304C /* Poppins-Medium.ttf */ = {isa = PBXFileReference; lastKnownFileType = file; path = "Poppins-Medium.ttf"; sourceTree = "<group>"; };
		F144E67129829BBA0019304C /* Info.plist */ = {isa = PBXFileReference; lastKnownFileType = text.plist.xml; path = Info.plist; sourceTree = "<group>"; };
		F144E67A2982AB650019304C /* SearchBar.swift */ = {isa = PBXFileReference; lastKnownFileType = sourcecode.swift; path = SearchBar.swift; sourceTree = "<group>"; };
		F144E67C2982AD530019304C /* View.swift */ = {isa = PBXFileReference; lastKnownFileType = sourcecode.swift; path = View.swift; sourceTree = "<group>"; };
		F144E67E2982AD5D0019304C /* UIApplication.swift */ = {isa = PBXFileReference; lastKnownFileType = sourcecode.swift; path = UIApplication.swift; sourceTree = "<group>"; };
		F14A5BD32C61E65200CF3611 /* Data.swift */ = {isa = PBXFileReference; lastKnownFileType = sourcecode.swift; path = Data.swift; sourceTree = "<group>"; };
		F14A5BD52C61E80400CF3611 /* MErrorHandler.swift */ = {isa = PBXFileReference; lastKnownFileType = sourcecode.swift; path = MErrorHandler.swift; sourceTree = "<group>"; };
		F14A5BD82C61EF5200CF3611 /* GalleryVC.swift */ = {isa = PBXFileReference; lastKnownFileType = sourcecode.swift; path = GalleryVC.swift; sourceTree = "<group>"; };
		F14A5BDA2C61FA0400CF3611 /* MLoadingView.swift */ = {isa = PBXFileReference; lastKnownFileType = sourcecode.swift; path = MLoadingView.swift; sourceTree = "<group>"; };
		F14A5BDD2C61FC8300CF3611 /* UIViewControllerWrapper.swift */ = {isa = PBXFileReference; lastKnownFileType = sourcecode.swift; path = UIViewControllerWrapper.swift; sourceTree = "<group>"; };
		F14A5BDF2C61FF4A00CF3611 /* GalleryViewModel.swift */ = {isa = PBXFileReference; lastKnownFileType = sourcecode.swift; path = GalleryViewModel.swift; sourceTree = "<group>"; };
		F14A5BE12C62004D00CF3611 /* GalleryCell.swift */ = {isa = PBXFileReference; lastKnownFileType = sourcecode.swift; path = GalleryCell.swift; sourceTree = "<group>"; };
		F14A5BE32C62035200CF3611 /* UIKitImageView.swift */ = {isa = PBXFileReference; lastKnownFileType = sourcecode.swift; path = UIKitImageView.swift; sourceTree = "<group>"; };
		F14EC5C32C9AFEDB00ADE7ED /* MDependencyManager.swift */ = {isa = PBXFileReference; lastKnownFileType = sourcecode.swift; path = MDependencyManager.swift; sourceTree = "<group>"; };
		F1620EE32D92902100F69D57 /* MovieVideos.swift */ = {isa = PBXFileReference; lastKnownFileType = sourcecode.swift; path = MovieVideos.swift; sourceTree = "<group>"; };
		F1620FC92D929F5D00F69D57 /* YouTubePlayerView.swift */ = {isa = PBXFileReference; lastKnownFileType = sourcecode.swift; path = YouTubePlayerView.swift; sourceTree = "<group>"; };
		F16951402D89572A00FFC1C6 /* MURLProtocol.swift */ = {isa = PBXFileReference; lastKnownFileType = sourcecode.swift; path = MURLProtocol.swift; sourceTree = "<group>"; };
		F1942B0E2C439DA700266BAD /* secrets-debug.xcconfig */ = {isa = PBXFileReference; fileEncoding = 4; lastKnownFileType = text.xcconfig; path = "secrets-debug.xcconfig"; sourceTree = "<group>"; };
		F1942B112C439FE600266BAD /* Build.swift */ = {isa = PBXFileReference; lastKnownFileType = sourcecode.swift; path = Build.swift; sourceTree = "<group>"; };
		F1942B162C43B5F700266BAD /* PreviewCardView.swift */ = {isa = PBXFileReference; lastKnownFileType = sourcecode.swift; path = PreviewCardView.swift; sourceTree = "<group>"; };
		F19AEB032C43C83000A43246 /* MImageManager.swift */ = {isa = PBXFileReference; lastKnownFileType = sourcecode.swift; path = MImageManager.swift; sourceTree = "<group>"; };
		F19AEB052C43C8A400A43246 /* MButton.swift */ = {isa = PBXFileReference; lastKnownFileType = sourcecode.swift; path = MButton.swift; sourceTree = "<group>"; };
		F19AEB072C43D8C000A43246 /* ContinueWatchingCardView.swift */ = {isa = PBXFileReference; lastKnownFileType = sourcecode.swift; path = ContinueWatchingCardView.swift; sourceTree = "<group>"; };
		F19AEB092C43E09D00A43246 /* Top10CardView.swift */ = {isa = PBXFileReference; lastKnownFileType = sourcecode.swift; path = Top10CardView.swift; sourceTree = "<group>"; };
		F19AEB0B2C43E55D00A43246 /* MTitleView.swift */ = {isa = PBXFileReference; lastKnownFileType = sourcecode.swift; path = MTitleView.swift; sourceTree = "<group>"; };
		F19AEB0D2C43E6F800A43246 /* TopMovieView.swift */ = {isa = PBXFileReference; lastKnownFileType = sourcecode.swift; path = TopMovieView.swift; sourceTree = "<group>"; };
		F1AD182029813A5A00B5A0A7 /* MoviesApp.app */ = {isa = PBXFileReference; explicitFileType = wrapper.application; includeInIndex = 0; path = MoviesApp.app; sourceTree = BUILT_PRODUCTS_DIR; };
		F1AD182329813A5A00B5A0A7 /* MoviesApp.swift */ = {isa = PBXFileReference; lastKnownFileType = sourcecode.swift; path = MoviesApp.swift; sourceTree = "<group>"; };
		F1AD182729813A5C00B5A0A7 /* Assets.xcassets */ = {isa = PBXFileReference; lastKnownFileType = folder.assetcatalog; path = Assets.xcassets; sourceTree = "<group>"; };
		F1AD182A29813A5C00B5A0A7 /* Preview Assets.xcassets */ = {isa = PBXFileReference; lastKnownFileType = folder.assetcatalog; path = "Preview Assets.xcassets"; sourceTree = "<group>"; };
		F1AD183729813AC500B5A0A7 /* HomeView.swift */ = {isa = PBXFileReference; lastKnownFileType = sourcecode.swift; path = HomeView.swift; sourceTree = "<group>"; };
		F1AD18392981444F00B5A0A7 /* MoviesNetworkingService.swift */ = {isa = PBXFileReference; lastKnownFileType = sourcecode.swift; path = MoviesNetworkingService.swift; sourceTree = "<group>"; };
		F1AD183B2981462100B5A0A7 /* Endpoint.swift */ = {isa = PBXFileReference; lastKnownFileType = sourcecode.swift; path = Endpoint.swift; sourceTree = "<group>"; };
		F1AD183D298147A100B5A0A7 /* DefaultURLBuilder.swift */ = {isa = PBXFileReference; lastKnownFileType = sourcecode.swift; path = DefaultURLBuilder.swift; sourceTree = "<group>"; };
		F1AD183F29814F4B00B5A0A7 /* APIConstructor.swift */ = {isa = PBXFileReference; lastKnownFileType = sourcecode.swift; path = APIConstructor.swift; sourceTree = "<group>"; };
		F1B4C4E42C48F570009D29ED /* MBackButton.swift */ = {isa = PBXFileReference; lastKnownFileType = sourcecode.swift; path = MBackButton.swift; sourceTree = "<group>"; };
		F1BD7CF12C9D4F5000A19842 /* VideoPlayerView.swift */ = {isa = PBXFileReference; lastKnownFileType = sourcecode.swift; path = VideoPlayerView.swift; sourceTree = "<group>"; };
		F1C0C43C2981585A00AD856B /* Genre.swift */ = {isa = PBXFileReference; lastKnownFileType = sourcecode.swift; path = Genre.swift; sourceTree = "<group>"; };
		F1C0C43E298158AA00AD856B /* HomeViewModel.swift */ = {isa = PBXFileReference; lastKnownFileType = sourcecode.swift; path = HomeViewModel.swift; sourceTree = "<group>"; };
		F1C0C44029815F0E00AD856B /* GenreCard.swift */ = {isa = PBXFileReference; lastKnownFileType = sourcecode.swift; path = GenreCard.swift; sourceTree = "<group>"; };
		F1DE754B2D8AA66100259B63 /* MConstants.swift */ = {isa = PBXFileReference; lastKnownFileType = sourcecode.swift; path = MConstants.swift; sourceTree = "<group>"; };
		F1F333A52D92BD41004091B1 /* MTabsView.swift */ = {isa = PBXFileReference; lastKnownFileType = sourcecode.swift; path = MTabsView.swift; sourceTree = "<group>"; };
		F1F333A82D92C461004091B1 /* SearchView.swift */ = {isa = PBXFileReference; lastKnownFileType = sourcecode.swift; path = SearchView.swift; sourceTree = "<group>"; };
		F1FD99902CA28E5000ACF9F2 /* MLiveActivityHandler.swift */ = {isa = PBXFileReference; lastKnownFileType = sourcecode.swift; path = MLiveActivityHandler.swift; sourceTree = "<group>"; };
		F1FD99932CA28FA900ACF9F2 /* MLiveActivityAttributes.swift */ = {isa = PBXFileReference; lastKnownFileType = sourcecode.swift; path = MLiveActivityAttributes.swift; sourceTree = "<group>"; };
		F1FD99992CA2ADB400ACF9F2 /* MLiveActivityViews.swift */ = {isa = PBXFileReference; lastKnownFileType = sourcecode.swift; path = MLiveActivityViews.swift; sourceTree = "<group>"; };
/* End PBXFileReference section */

/* Begin PBXFrameworksBuildPhase section */
		F136F29B2CA1609C00BFF4AD /* Frameworks */ = {
			isa = PBXFrameworksBuildPhase;
			buildActionMask = 2147483647;
			files = (
				F136F2A22CA1609C00BFF4AD /* SwiftUI.framework in Frameworks */,
				F136F2A02CA1609C00BFF4AD /* WidgetKit.framework in Frameworks */,
			);
			runOnlyForDeploymentPostprocessing = 0;
		};
		F1AD181D29813A5A00B5A0A7 /* Frameworks */ = {
			isa = PBXFrameworksBuildPhase;
			buildActionMask = 2147483647;
			files = (
				F16FD38E2C9B058C0086EB8C /* Swinject in Frameworks */,
			);
			runOnlyForDeploymentPostprocessing = 0;
		};
/* End PBXFrameworksBuildPhase section */

/* Begin PBXGroup section */
		F1078EBF2C523C07001A962C /* Details */ = {
			isa = PBXGroup;
			children = (
				F13D34752983D2B900B5866E /* DetailView.swift */,
				F1078EC02C523C2D001A962C /* DetailViewModel.swift */,
			);
			path = Details;
			sourceTree = "<group>";
		};
		F10F89502C9C7F740096B2DA /* Settings */ = {
			isa = PBXGroup;
			children = (
				F10F89512C9C7F8A0096B2DA /* SettingsView.swift */,
				F10F89572C9C95E20096B2DA /* ReportBugView.swift */,
			);
			path = Settings;
			sourceTree = "<group>";
		};
		F136F2A32CA1609C00BFF4AD /* MWidget */ = {
			isa = PBXGroup;
			children = (
				F1FD99982CA2AD6400ACF9F2 /* LiveActivity */,
				F1FD99972CA2AD5300ACF9F2 /* Widget */,
				F136F2A42CA1609C00BFF4AD /* MWidgetMain.swift */,
				F136F2AA2CA1609F00BFF4AD /* Assets.xcassets */,
				F136F2AC2CA1609F00BFF4AD /* Info.plist */,
			);
			path = MWidget;
			sourceTree = "<group>";
		};
		F144E62629826BCB0019304C /* Extensions */ = {
			isa = PBXGroup;
			children = (
				F144E62729826C070019304C /* PreviewProvider.swift */,
				F144E62929826E770019304C /* Optional.swift */,
				F144E62D298276490019304C /* Color.swift */,
				F144E67C2982AD530019304C /* View.swift */,
				F144E67E2982AD5D0019304C /* UIApplication.swift */,
				F13D34792983EE7200B5866E /* Double.swift */,
				F13D34812984030700B5866E /* String.swift */,
				F14A5BD32C61E65200CF3611 /* Data.swift */,
				F10F89532C9C857C0096B2DA /* Notification+Ext.swift */,
			);
			path = Extensions;
			sourceTree = "<group>";
		};
		F144E647298298C60019304C /* Fonts */ = {
			isa = PBXGroup;
			children = (
				F144E64E298298FB0019304C /* Poppins-Black.ttf */,
				F144E64D298298FA0019304C /* Poppins-Bold.ttf */,
				F144E653298298FE0019304C /* Poppins-Light.ttf */,
				F144E654298298FF0019304C /* Poppins-Medium.ttf */,
			);
			path = Fonts;
			sourceTree = "<group>";
		};
		F14A5BD72C61EF4400CF3611 /* Gallery */ = {
			isa = PBXGroup;
			children = (
				F14A5BD82C61EF5200CF3611 /* GalleryVC.swift */,
				F14A5BE12C62004D00CF3611 /* GalleryCell.swift */,
				F14A5BDF2C61FF4A00CF3611 /* GalleryViewModel.swift */,
			);
			path = Gallery;
			sourceTree = "<group>";
		};
		F14A5BDC2C61FBB300CF3611 /* Shared */ = {
			isa = PBXGroup;
			children = (
				F14A5BDD2C61FC8300CF3611 /* UIViewControllerWrapper.swift */,
			);
			path = Shared;
			sourceTree = "<group>";
		};
		F14EC5C22C9AFEC100ADE7ED /* DI */ = {
			isa = PBXGroup;
			children = (
				F14EC5C32C9AFEDB00ADE7ED /* MDependencyManager.swift */,
			);
			path = DI;
			sourceTree = "<group>";
		};
		F167CC7C2C48142800ACC3C7 /* Cache */ = {
			isa = PBXGroup;
			children = (
				F19AEB032C43C83000A43246 /* MImageManager.swift */,
			);
			path = Cache;
			sourceTree = "<group>";
		};
		F167CC7D2C48144300ACC3C7 /* Core */ = {
			isa = PBXGroup;
			children = (
				F1EA43702C90497500042F35 /* Utility */,
				F14A5BDC2C61FBB300CF3611 /* Shared */,
				F144E62629826BCB0019304C /* Extensions */,
			);
			path = Core;
			sourceTree = "<group>";
		};
		F16FD38F2C9B07630086EB8C /* Frameworks */ = {
			isa = PBXGroup;
			children = (
				F136F29F2CA1609C00BFF4AD /* WidgetKit.framework */,
				F136F2A12CA1609C00BFF4AD /* SwiftUI.framework */,
			);
			name = Frameworks;
			sourceTree = "<group>";
		};
		F1942B102C439FD300266BAD /* Configuration */ = {
			isa = PBXGroup;
			children = (
				F1942B112C439FE600266BAD /* Build.swift */,
			);
			path = Configuration;
			sourceTree = "<group>";
		};
		F1942B132C43B43800266BAD /* Screens */ = {
			isa = PBXGroup;
			children = (
				F1F333A72D92C45B004091B1 /* Search */,
				F1F333A42D92BD0D004091B1 /* Tabs */,
				F10F89502C9C7F740096B2DA /* Settings */,
				F14A5BD72C61EF4400CF3611 /* Gallery */,
				F1942B142C43B46900266BAD /* Home */,
				F1078EBF2C523C07001A962C /* Details */,
			);
			path = Screens;
			sourceTree = "<group>";
		};
		F1942B142C43B46900266BAD /* Home */ = {
			isa = PBXGroup;
			children = (
				F1AD183729813AC500B5A0A7 /* HomeView.swift */,
				F1C0C43E298158AA00AD856B /* HomeViewModel.swift */,
			);
			path = Home;
			sourceTree = "<group>";
		};
		F1942B152C43B47000266BAD /* UI */ = {
			isa = PBXGroup;
			children = (
				F1AD183329813A9200B5A0A7 /* Components */,
				F1942B132C43B43800266BAD /* Screens */,
			);
			path = UI;
			sourceTree = "<group>";
		};
		F19AEB022C43C80C00A43246 /* Data */ = {
			isa = PBXGroup;
			children = (
				F167CC7C2C48142800ACC3C7 /* Cache */,
				F1AD183629813AA600B5A0A7 /* Networking */,
			);
			path = Data;
			sourceTree = "<group>";
		};
		F1AD181729813A5A00B5A0A7 = {
			isa = PBXGroup;
			children = (
				F1AD182229813A5A00B5A0A7 /* MoviesApp */,
				F136F2A32CA1609C00BFF4AD /* MWidget */,
				F1AD182129813A5A00B5A0A7 /* Products */,
				F16FD38F2C9B07630086EB8C /* Frameworks */,
			);
			sourceTree = "<group>";
		};
		F1AD182129813A5A00B5A0A7 /* Products */ = {
			isa = PBXGroup;
			children = (
				F1AD182029813A5A00B5A0A7 /* MoviesApp.app */,
				F136F29E2CA1609C00BFF4AD /* MWidgetExtension.appex */,
			);
			name = Products;
			sourceTree = "<group>";
		};
		F1AD182229813A5A00B5A0A7 /* MoviesApp */ = {
			isa = PBXGroup;
			children = (
				F14EC5C22C9AFEC100ADE7ED /* DI */,
				F167CC7D2C48144300ACC3C7 /* Core */,
				F19AEB022C43C80C00A43246 /* Data */,
				F1942B152C43B47000266BAD /* UI */,
				F1AD183129813A7300B5A0A7 /* Supporting Files */,
			);
			path = MoviesApp;
			sourceTree = "<group>";
		};
		F1AD182929813A5C00B5A0A7 /* Preview Content */ = {
			isa = PBXGroup;
			children = (
				F1AD182A29813A5C00B5A0A7 /* Preview Assets.xcassets */,
			);
			path = "Preview Content";
			sourceTree = "<group>";
		};
		F1AD183129813A7300B5A0A7 /* Supporting Files */ = {
			isa = PBXGroup;
			children = (
				F1942B102C439FD300266BAD /* Configuration */,
				F144E647298298C60019304C /* Fonts */,
				F1AD182929813A5C00B5A0A7 /* Preview Content */,
				F144E67129829BBA0019304C /* Info.plist */,
				F1942B0E2C439DA700266BAD /* secrets-debug.xcconfig */,
				F1AD182329813A5A00B5A0A7 /* MoviesApp.swift */,
				F1AD182729813A5C00B5A0A7 /* Assets.xcassets */,
				F144E62B298276240019304C /* Colors.xcassets */,
				F11504662C482B1400C18FDF /* Launch Screen.storyboard */,
			);
			path = "Supporting Files";
			sourceTree = "<group>";
		};
		F1AD183329813A9200B5A0A7 /* Components */ = {
			isa = PBXGroup;
			children = (
				F1BD7CF02C9D4F4200A19842 /* Video */,
				F1B4C4E92C4912E2009D29ED /* Buttons */,
				F1B4C4EB2C4912F3009D29ED /* ImageView */,
				F1B4C4EA2C4912E8009D29ED /* Reusable */,
			);
			path = Components;
			sourceTree = "<group>";
		};
		F1AD183529813A9F00B5A0A7 /* Model */ = {
			isa = PBXGroup;
			children = (
				F1620EE32D92902100F69D57 /* MovieVideos.swift */,
				F1C0C43C2981585A00AD856B /* Genre.swift */,
				F144E622298269910019304C /* Movie.swift */,
				F13D347D2983F7A700B5866E /* Review.swift */,
				F1078EC22C523C96001A962C /* MovieDetails.swift */,
				F1078EC42C52459C001A962C /* MovieImages.swift */,
				F1FD99932CA28FA900ACF9F2 /* MLiveActivityAttributes.swift */,
			);
			path = Model;
			sourceTree = "<group>";
		};
		F1AD183629813AA600B5A0A7 /* Networking */ = {
			isa = PBXGroup;
			children = (
				F1AD183529813A9F00B5A0A7 /* Model */,
				F16951402D89572A00FFC1C6 /* MURLProtocol.swift */,
				F1AD18392981444F00B5A0A7 /* MoviesNetworkingService.swift */,
				F1AD183D298147A100B5A0A7 /* DefaultURLBuilder.swift */,
				F1AD183F29814F4B00B5A0A7 /* APIConstructor.swift */,
				F1AD183B2981462100B5A0A7 /* Endpoint.swift */,
			);
			path = Networking;
			sourceTree = "<group>";
		};
		F1B4C4E92C4912E2009D29ED /* Buttons */ = {
			isa = PBXGroup;
			children = (
				F19AEB052C43C8A400A43246 /* MButton.swift */,
				F1B4C4E42C48F570009D29ED /* MBackButton.swift */,
			);
			path = Buttons;
			sourceTree = "<group>";
		};
		F1B4C4EA2C4912E8009D29ED /* Reusable */ = {
			isa = PBXGroup;
			children = (
				F1C0C44029815F0E00AD856B /* GenreCard.swift */,
				F144E67A2982AB650019304C /* SearchBar.swift */,
				F13D347F2983FC6500B5866E /* ReviewCard.swift */,
				F1942B162C43B5F700266BAD /* PreviewCardView.swift */,
				F19AEB072C43D8C000A43246 /* ContinueWatchingCardView.swift */,
				F19AEB092C43E09D00A43246 /* Top10CardView.swift */,
				F19AEB0B2C43E55D00A43246 /* MTitleView.swift */,
				F19AEB0D2C43E6F800A43246 /* TopMovieView.swift */,
				F1078EBD2C523AC9001A962C /* MovieInfoView.swift */,
				F1078EBB2C523960001A962C /* MovieDescriptionView.swift */,
				F14A5BDA2C61FA0400CF3611 /* MLoadingView.swift */,
			);
			path = Reusable;
			sourceTree = "<group>";
		};
		F1B4C4EB2C4912F3009D29ED /* ImageView */ = {
			isa = PBXGroup;
			children = (
				F13D34772983E46600B5866E /* MImageView.swift */,
				F14A5BE32C62035200CF3611 /* UIKitImageView.swift */,
			);
			path = ImageView;
			sourceTree = "<group>";
		};
		F1BD7CF02C9D4F4200A19842 /* Video */ = {
			isa = PBXGroup;
			children = (
				F1620FC92D929F5D00F69D57 /* YouTubePlayerView.swift */,
				F1BD7CF12C9D4F5000A19842 /* VideoPlayerView.swift */,
			);
			path = Video;
			sourceTree = "<group>";
		};
		F1EA43702C90497500042F35 /* Utility */ = {
			isa = PBXGroup;
			children = (
				F1DE754B2D8AA66100259B63 /* MConstants.swift */,
				F14A5BD52C61E80400CF3611 /* MErrorHandler.swift */,
				F10F89552C9C85F10096B2DA /* MScreenRecorder.swift */,
				F1FD99902CA28E5000ACF9F2 /* MLiveActivityHandler.swift */,
			);
			path = Utility;
			sourceTree = "<group>";
		};
		F1F333A42D92BD0D004091B1 /* Tabs */ = {
			isa = PBXGroup;
			children = (
				F1F333A52D92BD41004091B1 /* MTabsView.swift */,
			);
			path = Tabs;
			sourceTree = "<group>";
		};
		F1F333A72D92C45B004091B1 /* Search */ = {
			isa = PBXGroup;
			children = (
				F1F333A82D92C461004091B1 /* SearchView.swift */,
			);
			path = Search;
			sourceTree = "<group>";
		};
		F1FD99972CA2AD5300ACF9F2 /* Widget */ = {
			isa = PBXGroup;
			children = (
				F136F2B42CA1637300BFF4AD /* MEntry.swift */,
				F136F2A82CA1609C00BFF4AD /* MWidget.swift */,
			);
			path = Widget;
			sourceTree = "<group>";
		};
		F1FD99982CA2AD6400ACF9F2 /* LiveActivity */ = {
			isa = PBXGroup;
			children = (
				F136F2A62CA1609C00BFF4AD /* MWidgetLiveActivity.swift */,
				F1FD99992CA2ADB400ACF9F2 /* MLiveActivityViews.swift */,
			);
			path = LiveActivity;
			sourceTree = "<group>";
		};
/* End PBXGroup section */

/* Begin PBXNativeTarget section */
		F136F29D2CA1609C00BFF4AD /* MWidgetExtension */ = {
			isa = PBXNativeTarget;
			buildConfigurationList = F136F2B02CA1609F00BFF4AD /* Build configuration list for PBXNativeTarget "MWidgetExtension" */;
			buildPhases = (
				F136F29A2CA1609C00BFF4AD /* Sources */,
				F136F29B2CA1609C00BFF4AD /* Frameworks */,
				F136F29C2CA1609C00BFF4AD /* Resources */,
			);
			buildRules = (
			);
			dependencies = (
			);
			name = MWidgetExtension;
			packageProductDependencies = (
			);
			productName = MWidgetExtension;
			productReference = F136F29E2CA1609C00BFF4AD /* MWidgetExtension.appex */;
			productType = "com.apple.product-type.app-extension";
		};
		F1AD181F29813A5A00B5A0A7 /* MoviesApp */ = {
			isa = PBXNativeTarget;
			buildConfigurationList = F1AD182E29813A5C00B5A0A7 /* Build configuration list for PBXNativeTarget "MoviesApp" */;
			buildPhases = (
				F1AD181C29813A5A00B5A0A7 /* Sources */,
				F1AD181D29813A5A00B5A0A7 /* Frameworks */,
				F1AD181E29813A5A00B5A0A7 /* Resources */,
				F136F2B32CA1609F00BFF4AD /* Embed Foundation Extensions */,
			);
			buildRules = (
			);
			dependencies = (
				F136F2AE2CA1609F00BFF4AD /* PBXTargetDependency */,
			);
			name = MoviesApp;
			packageProductDependencies = (
				F16FD38D2C9B058C0086EB8C /* Swinject */,
			);
			productName = MoviesApp;
			productReference = F1AD182029813A5A00B5A0A7 /* MoviesApp.app */;
			productType = "com.apple.product-type.application";
		};
/* End PBXNativeTarget section */

/* Begin PBXProject section */
		F1AD181829813A5A00B5A0A7 /* Project object */ = {
			isa = PBXProject;
			attributes = {
				BuildIndependentTargetsInParallel = 1;
				LastSwiftUpdateCheck = 1530;
				LastUpgradeCheck = 1410;
				TargetAttributes = {
					F136F29D2CA1609C00BFF4AD = {
						CreatedOnToolsVersion = 15.3;
					};
					F1AD181F29813A5A00B5A0A7 = {
						CreatedOnToolsVersion = 14.1;
					};
				};
			};
			buildConfigurationList = F1AD181B29813A5A00B5A0A7 /* Build configuration list for PBXProject "MoviesApp" */;
			compatibilityVersion = "Xcode 14.0";
			developmentRegion = en;
			hasScannedForEncodings = 0;
			knownRegions = (
				en,
				Base,
			);
			mainGroup = F1AD181729813A5A00B5A0A7;
			packageReferences = (
				F16FD38C2C9B058C0086EB8C /* XCRemoteSwiftPackageReference "Swinject" */,
			);
			productRefGroup = F1AD182129813A5A00B5A0A7 /* Products */;
			projectDirPath = "";
			projectRoot = "";
			targets = (
				F1AD181F29813A5A00B5A0A7 /* MoviesApp */,
				F136F29D2CA1609C00BFF4AD /* MWidgetExtension */,
			);
		};
/* End PBXProject section */

/* Begin PBXResourcesBuildPhase section */
		F136F29C2CA1609C00BFF4AD /* Resources */ = {
			isa = PBXResourcesBuildPhase;
			buildActionMask = 2147483647;
			files = (
				F136F2D02CA1785D00BFF4AD /* secrets-debug.xcconfig in Resources */,
				F136F2AB2CA1609F00BFF4AD /* Assets.xcassets in Resources */,
			);
			runOnlyForDeploymentPostprocessing = 0;
		};
		F1AD181E29813A5A00B5A0A7 /* Resources */ = {
			isa = PBXResourcesBuildPhase;
			buildActionMask = 2147483647;
			files = (
				F144E67229829BD70019304C /* Poppins-Black.ttf in Resources */,
				F144E67329829BD70019304C /* Poppins-Bold.ttf in Resources */,
				F1942B0F2C439DA700266BAD /* secrets-debug.xcconfig in Resources */,
				F144E67429829BD70019304C /* Poppins-Light.ttf in Resources */,
				F144E67529829BD70019304C /* Poppins-Medium.ttf in Resources */,
				F144E62C298276240019304C /* Colors.xcassets in Resources */,
				F1AD182B29813A5C00B5A0A7 /* Preview Assets.xcassets in Resources */,
				F11504672C482B1400C18FDF /* Launch Screen.storyboard in Resources */,
				F1AD182829813A5C00B5A0A7 /* Assets.xcassets in Resources */,
			);
			runOnlyForDeploymentPostprocessing = 0;
		};
/* End PBXResourcesBuildPhase section */

/* Begin PBXSourcesBuildPhase section */
		F136F29A2CA1609C00BFF4AD /* Sources */ = {
			isa = PBXSourcesBuildPhase;
			buildActionMask = 2147483647;
			files = (
				F136F2A72CA1609C00BFF4AD /* MWidgetLiveActivity.swift in Sources */,
				F136F2BB2CA164FB00BFF4AD /* Endpoint.swift in Sources */,
				F136F2B92CA164DC00BFF4AD /* MoviesNetworkingService.swift in Sources */,
				F136F2C42CA1677300BFF4AD /* MScreenRecorder.swift in Sources */,
				F136F2A52CA1609C00BFF4AD /* MWidgetMain.swift in Sources */,
				F1FD999B2CA2AE7D00ACF9F2 /* MLiveActivityViews.swift in Sources */,
				F136F2B62CA163E400BFF4AD /* MEntry.swift in Sources */,
				F136F2BC2CA1650000BFF4AD /* DefaultURLBuilder.swift in Sources */,
				F136F2CD2CA1686400BFF4AD /* MBackButton.swift in Sources */,
				F136F2BF2CA1659400BFF4AD /* MErrorHandler.swift in Sources */,
				F1FD99952CA28FAD00ACF9F2 /* MLiveActivityAttributes.swift in Sources */,
				F136F2CC2CA1682F00BFF4AD /* View.swift in Sources */,
				F136F2A92CA1609C00BFF4AD /* MWidget.swift in Sources */,
				F136F2CF2CA168C200BFF4AD /* Optional.swift in Sources */,
				F136F2BE2CA1655300BFF4AD /* Data.swift in Sources */,
				F1DE754D2D8AA66600259B63 /* MConstants.swift in Sources */,
				F1620EE42D92902C00F69D57 /* MovieVideos.swift in Sources */,
				F16951412D89573700FFC1C6 /* MURLProtocol.swift in Sources */,
				F136F2C52CA1677F00BFF4AD /* Genre.swift in Sources */,
				F136F2CE2CA1688300BFF4AD /* Build.swift in Sources */,
				F136F2C62CA1678200BFF4AD /* Review.swift in Sources */,
				F136F2CA2CA167AD00BFF4AD /* Notification+Ext.swift in Sources */,
				F1FD99962CA2A24A00ACF9F2 /* Color.swift in Sources */,
				F136F2C82CA1678700BFF4AD /* MovieImages.swift in Sources */,
				F136F2B72CA1645A00BFF4AD /* PreviewProvider.swift in Sources */,
				F136F2BD2CA1653C00BFF4AD /* Movie.swift in Sources */,
				F136F2C92CA1679000BFF4AD /* String.swift in Sources */,
				F136F2C72CA1678500BFF4AD /* MovieDetails.swift in Sources */,
				F136F2BA2CA164F900BFF4AD /* APIConstructor.swift in Sources */,
			);
			runOnlyForDeploymentPostprocessing = 0;
		};
		F1AD181C29813A5A00B5A0A7 /* Sources */ = {
			isa = PBXSourcesBuildPhase;
			buildActionMask = 2147483647;
			files = (
				F1078EBE2C523AC9001A962C /* MovieInfoView.swift in Sources */,
				F10F89522C9C7F8A0096B2DA /* SettingsView.swift in Sources */,
				F14A5BE02C61FF4A00CF3611 /* GalleryViewModel.swift in Sources */,
				F14A5BD92C61EF5300CF3611 /* GalleryVC.swift in Sources */,
				F144E67F2982AD5D0019304C /* UIApplication.swift in Sources */,
				F13D34782983E46600B5866E /* MImageView.swift in Sources */,
				F13D34762983D2B900B5866E /* DetailView.swift in Sources */,
				F1F333A62D92BD48004091B1 /* MTabsView.swift in Sources */,
				F144E62829826C070019304C /* PreviewProvider.swift in Sources */,
				F19AEB082C43D8C000A43246 /* ContinueWatchingCardView.swift in Sources */,
				F1AD183E298147A100B5A0A7 /* DefaultURLBuilder.swift in Sources */,
				F14A5BE22C62004D00CF3611 /* GalleryCell.swift in Sources */,
				F14EC5C42C9AFEDC00ADE7ED /* MDependencyManager.swift in Sources */,
				F13D34822984030700B5866E /* String.swift in Sources */,
				F1078EC32C523C96001A962C /* MovieDetails.swift in Sources */,
				F1942B122C439FE600266BAD /* Build.swift in Sources */,
				F1FD999C2CA2AE8200ACF9F2 /* MLiveActivityViews.swift in Sources */,
				F144E67D2982AD530019304C /* View.swift in Sources */,
				F1B4C4E52C48F570009D29ED /* MBackButton.swift in Sources */,
				F144E62A29826E770019304C /* Optional.swift in Sources */,
				F1DE754C2D8AA66600259B63 /* MConstants.swift in Sources */,
				F144E67B2982AB650019304C /* SearchBar.swift in Sources */,
				F1BD7CF22C9D4F5000A19842 /* VideoPlayerView.swift in Sources */,
				F10F89562C9C85F10096B2DA /* MScreenRecorder.swift in Sources */,
				F14A5BE42C62035200CF3611 /* UIKitImageView.swift in Sources */,
				F1078EC52C52459C001A962C /* MovieImages.swift in Sources */,
				F1620FCA2D929F5E00F69D57 /* YouTubePlayerView.swift in Sources */,
				F1C0C43D2981585A00AD856B /* Genre.swift in Sources */,
				F19AEB042C43C83000A43246 /* MImageManager.swift in Sources */,
				F14A5BD62C61E80400CF3611 /* MErrorHandler.swift in Sources */,
				F14A5BDB2C61FA0400CF3611 /* MLoadingView.swift in Sources */,
				F1AD183829813AC500B5A0A7 /* HomeView.swift in Sources */,
				F10F89582C9C95E20096B2DA /* ReportBugView.swift in Sources */,
				F1942B172C43B5F700266BAD /* PreviewCardView.swift in Sources */,
				F1078EC12C523C2D001A962C /* DetailViewModel.swift in Sources */,
				F1FD99922CA28EFB00ACF9F2 /* MWidgetLiveActivity.swift in Sources */,
				F1C0C43F298158AA00AD856B /* HomeViewModel.swift in Sources */,
				F19AEB0A2C43E09D00A43246 /* Top10CardView.swift in Sources */,
				F144E623298269910019304C /* Movie.swift in Sources */,
				F1C0C44129815F0E00AD856B /* GenreCard.swift in Sources */,
				F1F333A92D92C466004091B1 /* SearchView.swift in Sources */,
				F14A5BD42C61E65200CF3611 /* Data.swift in Sources */,
				F1620EE52D92902C00F69D57 /* MovieVideos.swift in Sources */,
				F1078EBC2C523960001A962C /* MovieDescriptionView.swift in Sources */,
				F1FD99942CA28FA900ACF9F2 /* MLiveActivityAttributes.swift in Sources */,
				F144E62E298276490019304C /* Color.swift in Sources */,
				F1AD183A2981444F00B5A0A7 /* MoviesNetworkingService.swift in Sources */,
				F19AEB062C43C8A400A43246 /* MButton.swift in Sources */,
				F19AEB0C2C43E55D00A43246 /* MTitleView.swift in Sources */,
				F1AD184029814F4B00B5A0A7 /* APIConstructor.swift in Sources */,
				F13D347E2983F7A700B5866E /* Review.swift in Sources */,
				F16951422D89573700FFC1C6 /* MURLProtocol.swift in Sources */,
				F1AD183C2981462100B5A0A7 /* Endpoint.swift in Sources */,
				F19AEB0E2C43E6F800A43246 /* TopMovieView.swift in Sources */,
				F14A5BDE2C61FC8300CF3611 /* UIViewControllerWrapper.swift in Sources */,
				F13D347A2983EE7200B5866E /* Double.swift in Sources */,
				F10F89542C9C857C0096B2DA /* Notification+Ext.swift in Sources */,
				F1FD99912CA28E5000ACF9F2 /* MLiveActivityHandler.swift in Sources */,
				F1AD182429813A5A00B5A0A7 /* MoviesApp.swift in Sources */,
				F13D34802983FC6500B5866E /* ReviewCard.swift in Sources */,
			);
			runOnlyForDeploymentPostprocessing = 0;
		};
/* End PBXSourcesBuildPhase section */

/* Begin PBXTargetDependency section */
		F136F2AE2CA1609F00BFF4AD /* PBXTargetDependency */ = {
			isa = PBXTargetDependency;
			target = F136F29D2CA1609C00BFF4AD /* MWidgetExtension */;
			targetProxy = F136F2AD2CA1609F00BFF4AD /* PBXContainerItemProxy */;
		};
/* End PBXTargetDependency section */

/* Begin XCBuildConfiguration section */
		F136F2B12CA1609F00BFF4AD /* Debug */ = {
			isa = XCBuildConfiguration;
			baseConfigurationReference = F1942B0E2C439DA700266BAD /* secrets-debug.xcconfig */;
			buildSettings = {
				ASSETCATALOG_COMPILER_GENERATE_SWIFT_ASSET_SYMBOL_EXTENSIONS = YES;
				ASSETCATALOG_COMPILER_GLOBAL_ACCENT_COLOR_NAME = AccentColor;
				ASSETCATALOG_COMPILER_WIDGET_BACKGROUND_COLOR_NAME = WidgetBackground;
				CODE_SIGN_STYLE = Automatic;
				CURRENT_PROJECT_VERSION = 1;
				DEVELOPMENT_TEAM = U3QLWV6K6Y;
				ENABLE_USER_SCRIPT_SANDBOXING = YES;
				GCC_C_LANGUAGE_STANDARD = gnu17;
				GENERATE_INFOPLIST_FILE = YES;
				INFOPLIST_FILE = MWidget/Info.plist;
				INFOPLIST_KEY_CFBundleDisplayName = MWidget;
				INFOPLIST_KEY_NSHumanReadableCopyright = "";
				IPHONEOS_DEPLOYMENT_TARGET = 17.4;
				LD_RUNPATH_SEARCH_PATHS = (
					"$(inherited)",
					"@executable_path/Frameworks",
					"@executable_path/../../Frameworks",
				);
				LOCALIZATION_PREFERS_STRING_CATALOGS = YES;
				MARKETING_VERSION = 1.0;
				PRODUCT_BUNDLE_IDENTIFIER = com.ahmedali.MoviesApp.MWidget;
				PRODUCT_NAME = "$(TARGET_NAME)";
				SKIP_INSTALL = YES;
				SWIFT_ACTIVE_COMPILATION_CONDITIONS = "DEBUG $(inherited)";
				SWIFT_EMIT_LOC_STRINGS = YES;
				SWIFT_VERSION = 5.0;
				TARGETED_DEVICE_FAMILY = "1,2";
			};
			name = Debug;
		};
		F136F2B22CA1609F00BFF4AD /* Release */ = {
			isa = XCBuildConfiguration;
			buildSettings = {
				ASSETCATALOG_COMPILER_GENERATE_SWIFT_ASSET_SYMBOL_EXTENSIONS = YES;
				ASSETCATALOG_COMPILER_GLOBAL_ACCENT_COLOR_NAME = AccentColor;
				ASSETCATALOG_COMPILER_WIDGET_BACKGROUND_COLOR_NAME = WidgetBackground;
				CODE_SIGN_STYLE = Automatic;
				CURRENT_PROJECT_VERSION = 1;
				DEVELOPMENT_TEAM = U3QLWV6K6Y;
				ENABLE_USER_SCRIPT_SANDBOXING = YES;
				GCC_C_LANGUAGE_STANDARD = gnu17;
				GENERATE_INFOPLIST_FILE = YES;
				INFOPLIST_FILE = MWidget/Info.plist;
				INFOPLIST_KEY_CFBundleDisplayName = MWidget;
				INFOPLIST_KEY_NSHumanReadableCopyright = "";
				IPHONEOS_DEPLOYMENT_TARGET = 17.4;
				LD_RUNPATH_SEARCH_PATHS = (
					"$(inherited)",
					"@executable_path/Frameworks",
					"@executable_path/../../Frameworks",
				);
				LOCALIZATION_PREFERS_STRING_CATALOGS = YES;
				MARKETING_VERSION = 1.0;
				PRODUCT_BUNDLE_IDENTIFIER = com.ahmedali.MoviesApp.MWidget;
				PRODUCT_NAME = "$(TARGET_NAME)";
				SKIP_INSTALL = YES;
				SWIFT_EMIT_LOC_STRINGS = YES;
				SWIFT_VERSION = 5.0;
				TARGETED_DEVICE_FAMILY = "1,2";
			};
			name = Release;
		};
		F1AD182C29813A5C00B5A0A7 /* Debug */ = {
			isa = XCBuildConfiguration;
			buildSettings = {
				ALWAYS_SEARCH_USER_PATHS = NO;
				CLANG_ANALYZER_NONNULL = YES;
				CLANG_ANALYZER_NUMBER_OBJECT_CONVERSION = YES_AGGRESSIVE;
				CLANG_CXX_LANGUAGE_STANDARD = "gnu++20";
				CLANG_ENABLE_MODULES = YES;
				CLANG_ENABLE_OBJC_ARC = YES;
				CLANG_ENABLE_OBJC_WEAK = YES;
				CLANG_WARN_BLOCK_CAPTURE_AUTORELEASING = YES;
				CLANG_WARN_BOOL_CONVERSION = YES;
				CLANG_WARN_COMMA = YES;
				CLANG_WARN_CONSTANT_CONVERSION = YES;
				CLANG_WARN_DEPRECATED_OBJC_IMPLEMENTATIONS = YES;
				CLANG_WARN_DIRECT_OBJC_ISA_USAGE = YES_ERROR;
				CLANG_WARN_DOCUMENTATION_COMMENTS = YES;
				CLANG_WARN_EMPTY_BODY = YES;
				CLANG_WARN_ENUM_CONVERSION = YES;
				CLANG_WARN_INFINITE_RECURSION = YES;
				CLANG_WARN_INT_CONVERSION = YES;
				CLANG_WARN_NON_LITERAL_NULL_CONVERSION = YES;
				CLANG_WARN_OBJC_IMPLICIT_RETAIN_SELF = YES;
				CLANG_WARN_OBJC_LITERAL_CONVERSION = YES;
				CLANG_WARN_OBJC_ROOT_CLASS = YES_ERROR;
				CLANG_WARN_QUOTED_INCLUDE_IN_FRAMEWORK_HEADER = YES;
				CLANG_WARN_RANGE_LOOP_ANALYSIS = YES;
				CLANG_WARN_STRICT_PROTOTYPES = YES;
				CLANG_WARN_SUSPICIOUS_MOVE = YES;
				CLANG_WARN_UNGUARDED_AVAILABILITY = YES_AGGRESSIVE;
				CLANG_WARN_UNREACHABLE_CODE = YES;
				CLANG_WARN__DUPLICATE_METHOD_MATCH = YES;
				COPY_PHASE_STRIP = NO;
				DEBUG_INFORMATION_FORMAT = dwarf;
				ENABLE_STRICT_OBJC_MSGSEND = YES;
				ENABLE_TESTABILITY = YES;
				GCC_C_LANGUAGE_STANDARD = gnu11;
				GCC_DYNAMIC_NO_PIC = NO;
				GCC_NO_COMMON_BLOCKS = YES;
				GCC_OPTIMIZATION_LEVEL = 0;
				GCC_PREPROCESSOR_DEFINITIONS = (
					"DEBUG=1",
					"$(inherited)",
				);
				GCC_WARN_64_TO_32_BIT_CONVERSION = YES;
				GCC_WARN_ABOUT_RETURN_TYPE = YES_ERROR;
				GCC_WARN_UNDECLARED_SELECTOR = YES;
				GCC_WARN_UNINITIALIZED_AUTOS = YES_AGGRESSIVE;
				GCC_WARN_UNUSED_FUNCTION = YES;
				GCC_WARN_UNUSED_VARIABLE = YES;
				IPHONEOS_DEPLOYMENT_TARGET = 16.1;
				MTL_ENABLE_DEBUG_INFO = INCLUDE_SOURCE;
				MTL_FAST_MATH = YES;
				ONLY_ACTIVE_ARCH = YES;
				SDKROOT = iphoneos;
				SWIFT_ACTIVE_COMPILATION_CONDITIONS = DEBUG;
				SWIFT_OPTIMIZATION_LEVEL = "-Onone";
			};
			name = Debug;
		};
		F1AD182D29813A5C00B5A0A7 /* Release */ = {
			isa = XCBuildConfiguration;
			buildSettings = {
				ALWAYS_SEARCH_USER_PATHS = NO;
				CLANG_ANALYZER_NONNULL = YES;
				CLANG_ANALYZER_NUMBER_OBJECT_CONVERSION = YES_AGGRESSIVE;
				CLANG_CXX_LANGUAGE_STANDARD = "gnu++20";
				CLANG_ENABLE_MODULES = YES;
				CLANG_ENABLE_OBJC_ARC = YES;
				CLANG_ENABLE_OBJC_WEAK = YES;
				CLANG_WARN_BLOCK_CAPTURE_AUTORELEASING = YES;
				CLANG_WARN_BOOL_CONVERSION = YES;
				CLANG_WARN_COMMA = YES;
				CLANG_WARN_CONSTANT_CONVERSION = YES;
				CLANG_WARN_DEPRECATED_OBJC_IMPLEMENTATIONS = YES;
				CLANG_WARN_DIRECT_OBJC_ISA_USAGE = YES_ERROR;
				CLANG_WARN_DOCUMENTATION_COMMENTS = YES;
				CLANG_WARN_EMPTY_BODY = YES;
				CLANG_WARN_ENUM_CONVERSION = YES;
				CLANG_WARN_INFINITE_RECURSION = YES;
				CLANG_WARN_INT_CONVERSION = YES;
				CLANG_WARN_NON_LITERAL_NULL_CONVERSION = YES;
				CLANG_WARN_OBJC_IMPLICIT_RETAIN_SELF = YES;
				CLANG_WARN_OBJC_LITERAL_CONVERSION = YES;
				CLANG_WARN_OBJC_ROOT_CLASS = YES_ERROR;
				CLANG_WARN_QUOTED_INCLUDE_IN_FRAMEWORK_HEADER = YES;
				CLANG_WARN_RANGE_LOOP_ANALYSIS = YES;
				CLANG_WARN_STRICT_PROTOTYPES = YES;
				CLANG_WARN_SUSPICIOUS_MOVE = YES;
				CLANG_WARN_UNGUARDED_AVAILABILITY = YES_AGGRESSIVE;
				CLANG_WARN_UNREACHABLE_CODE = YES;
				CLANG_WARN__DUPLICATE_METHOD_MATCH = YES;
				COPY_PHASE_STRIP = NO;
				DEBUG_INFORMATION_FORMAT = "dwarf-with-dsym";
				ENABLE_NS_ASSERTIONS = NO;
				ENABLE_STRICT_OBJC_MSGSEND = YES;
				GCC_C_LANGUAGE_STANDARD = gnu11;
				GCC_NO_COMMON_BLOCKS = YES;
				GCC_WARN_64_TO_32_BIT_CONVERSION = YES;
				GCC_WARN_ABOUT_RETURN_TYPE = YES_ERROR;
				GCC_WARN_UNDECLARED_SELECTOR = YES;
				GCC_WARN_UNINITIALIZED_AUTOS = YES_AGGRESSIVE;
				GCC_WARN_UNUSED_FUNCTION = YES;
				GCC_WARN_UNUSED_VARIABLE = YES;
				IPHONEOS_DEPLOYMENT_TARGET = 16.1;
				MTL_ENABLE_DEBUG_INFO = NO;
				MTL_FAST_MATH = YES;
				SDKROOT = iphoneos;
				SWIFT_COMPILATION_MODE = wholemodule;
				SWIFT_OPTIMIZATION_LEVEL = "-O";
				VALIDATE_PRODUCT = YES;
			};
			name = Release;
		};
		F1AD182F29813A5C00B5A0A7 /* Debug */ = {
			isa = XCBuildConfiguration;
			baseConfigurationReference = F1942B0E2C439DA700266BAD /* secrets-debug.xcconfig */;
			buildSettings = {
				ALWAYS_EMBED_SWIFT_STANDARD_LIBRARIES = YES;
				ASSETCATALOG_COMPILER_APPICON_NAME = AppIcon;
				ASSETCATALOG_COMPILER_GLOBAL_ACCENT_COLOR_NAME = AccentColor;
				CODE_SIGN_STYLE = Automatic;
				CURRENT_PROJECT_VERSION = 1;
				DEVELOPMENT_ASSET_PATHS = "\"MoviesApp/Supporting Files/Preview Content\"";
				DEVELOPMENT_TEAM = U3QLWV6K6Y;
				ENABLE_PREVIEWS = YES;
				GENERATE_INFOPLIST_FILE = YES;
				INFOPLIST_FILE = "MoviesApp/Supporting Files/Info.plist";
				INFOPLIST_KEY_UIApplicationSceneManifest_Generation = YES;
				INFOPLIST_KEY_UIApplicationSupportsIndirectInputEvents = YES;
				INFOPLIST_KEY_UILaunchStoryboardName = "Launch Screen.storyboard";
				INFOPLIST_KEY_UISupportedInterfaceOrientations = "UIInterfaceOrientationLandscapeLeft UIInterfaceOrientationLandscapeRight UIInterfaceOrientationPortrait UIInterfaceOrientationPortraitUpsideDown";
				INFOPLIST_KEY_UISupportedInterfaceOrientations_iPad = "UIInterfaceOrientationPortrait UIInterfaceOrientationPortraitUpsideDown";
				IPHONEOS_DEPLOYMENT_TARGET = 17.0;
				LD_RUNPATH_SEARCH_PATHS = (
					"$(inherited)",
					"@executable_path/Frameworks",
				);
				MARKETING_VERSION = 1.0;
				PRODUCT_BUNDLE_IDENTIFIER = com.ahmedali.MoviesApp;
				PRODUCT_NAME = "$(TARGET_NAME)";
				SWIFT_EMIT_LOC_STRINGS = YES;
				SWIFT_VERSION = 5.0;
				TARGETED_DEVICE_FAMILY = "1,2";
			};
			name = Debug;
		};
		F1AD183029813A5C00B5A0A7 /* Release */ = {
			isa = XCBuildConfiguration;
			buildSettings = {
				ALWAYS_EMBED_SWIFT_STANDARD_LIBRARIES = YES;
				ASSETCATALOG_COMPILER_APPICON_NAME = AppIcon;
				ASSETCATALOG_COMPILER_GLOBAL_ACCENT_COLOR_NAME = AccentColor;
				CODE_SIGN_STYLE = Automatic;
				CURRENT_PROJECT_VERSION = 1;
				DEVELOPMENT_ASSET_PATHS = "\"MoviesApp/Supporting Files/Preview Content\"";
				DEVELOPMENT_TEAM = U3QLWV6K6Y;
				ENABLE_PREVIEWS = YES;
				GENERATE_INFOPLIST_FILE = YES;
				INFOPLIST_FILE = "MoviesApp/Supporting Files/Info.plist";
				INFOPLIST_KEY_UIApplicationSceneManifest_Generation = YES;
				INFOPLIST_KEY_UIApplicationSupportsIndirectInputEvents = YES;
				INFOPLIST_KEY_UILaunchStoryboardName = "Launch Screen.storyboard";
				INFOPLIST_KEY_UISupportedInterfaceOrientations = "UIInterfaceOrientationLandscapeLeft UIInterfaceOrientationLandscapeRight UIInterfaceOrientationPortrait UIInterfaceOrientationPortraitUpsideDown";
				INFOPLIST_KEY_UISupportedInterfaceOrientations_iPad = "UIInterfaceOrientationPortrait UIInterfaceOrientationPortraitUpsideDown";
				IPHONEOS_DEPLOYMENT_TARGET = 17.0;
				LD_RUNPATH_SEARCH_PATHS = (
					"$(inherited)",
					"@executable_path/Frameworks",
				);
				MARKETING_VERSION = 1.0;
				PRODUCT_BUNDLE_IDENTIFIER = com.ahmedali.MoviesApp;
				PRODUCT_NAME = "$(TARGET_NAME)";
				SWIFT_EMIT_LOC_STRINGS = YES;
				SWIFT_VERSION = 5.0;
				TARGETED_DEVICE_FAMILY = "1,2";
			};
			name = Release;
		};
/* End XCBuildConfiguration section */

/* Begin XCConfigurationList section */
		F136F2B02CA1609F00BFF4AD /* Build configuration list for PBXNativeTarget "MWidgetExtension" */ = {
			isa = XCConfigurationList;
			buildConfigurations = (
				F136F2B12CA1609F00BFF4AD /* Debug */,
				F136F2B22CA1609F00BFF4AD /* Release */,
			);
			defaultConfigurationIsVisible = 0;
			defaultConfigurationName = Release;
		};
		F1AD181B29813A5A00B5A0A7 /* Build configuration list for PBXProject "MoviesApp" */ = {
			isa = XCConfigurationList;
			buildConfigurations = (
				F1AD182C29813A5C00B5A0A7 /* Debug */,
				F1AD182D29813A5C00B5A0A7 /* Release */,
			);
			defaultConfigurationIsVisible = 0;
			defaultConfigurationName = Release;
		};
		F1AD182E29813A5C00B5A0A7 /* Build configuration list for PBXNativeTarget "MoviesApp" */ = {
			isa = XCConfigurationList;
			buildConfigurations = (
				F1AD182F29813A5C00B5A0A7 /* Debug */,
				F1AD183029813A5C00B5A0A7 /* Release */,
			);
			defaultConfigurationIsVisible = 0;
			defaultConfigurationName = Release;
		};
/* End XCConfigurationList section */

/* Begin XCRemoteSwiftPackageReference section */
		F16FD38C2C9B058C0086EB8C /* XCRemoteSwiftPackageReference "Swinject" */ = {
			isa = XCRemoteSwiftPackageReference;
			repositoryURL = "https://github.com/Swinject/Swinject.git";
			requirement = {
				kind = upToNextMajorVersion;
				minimumVersion = 2.9.1;
			};
		};
/* End XCRemoteSwiftPackageReference section */

/* Begin XCSwiftPackageProductDependency section */
		F16FD38D2C9B058C0086EB8C /* Swinject */ = {
			isa = XCSwiftPackageProductDependency;
			package = F16FD38C2C9B058C0086EB8C /* XCRemoteSwiftPackageReference "Swinject" */;
			productName = Swinject;
		};
/* End XCSwiftPackageProductDependency section */
	};
	rootObject = F1AD181829813A5A00B5A0A7 /* Project object */;
}
