// !$*UTF8*$!
{
	archiveVersion = 1;
	classes = {
	};
	objectVersion = 56;
	objects = {

/* Begin PBXBuildFile section */
		F1078EBC2C523960001A962C /* MovieDescriptionView.swift in Sources */ = {isa = PBXBuildFile; fileRef = F1078EBB2C523960001A962C /* MovieDescriptionView.swift */; };
		F1078EBE2C523AC9001A962C /* MovieInfoView.swift in Sources */ = {isa = PBXBuildFile; fileRef = F1078EBD2C523AC9001A962C /* MovieInfoView.swift */; };
		F1078EC12C523C2D001A962C /* DetailViewModel.swift in Sources */ = {isa = PBXBuildFile; fileRef = F1078EC02C523C2D001A962C /* DetailViewModel.swift */; };
		F1078EC32C523C96001A962C /* MovieDetails.swift in Sources */ = {isa = PBXBuildFile; fileRef = F1078EC22C523C96001A962C /* MovieDetails.swift */; };
		F1078EC52C52459C001A962C /* MovieImages.swift in Sources */ = {isa = PBXBuildFile; fileRef = F1078EC42C52459C001A962C /* MovieImages.swift */; };
		F11504672C482B1400C18FDF /* Launch Screen.storyboard in Resources */ = {isa = PBXBuildFile; fileRef = F11504662C482B1400C18FDF /* Launch Screen.storyboard */; };
		F13D34762983D2B900B5866E /* DetailView.swift in Sources */ = {isa = PBXBuildFile; fileRef = F13D34752983D2B900B5866E /* DetailView.swift */; };
		F13D34782983E46600B5866E /* MImageView.swift in Sources */ = {isa = PBXBuildFile; fileRef = F13D34772983E46600B5866E /* MImageView.swift */; };
		F13D347A2983EE7200B5866E /* Double.swift in Sources */ = {isa = PBXBuildFile; fileRef = F13D34792983EE7200B5866E /* Double.swift */; };
		F13D347E2983F7A700B5866E /* Review.swift in Sources */ = {isa = PBXBuildFile; fileRef = F13D347D2983F7A700B5866E /* Review.swift */; };
		F13D34802983FC6500B5866E /* ReviewCard.swift in Sources */ = {isa = PBXBuildFile; fileRef = F13D347F2983FC6500B5866E /* ReviewCard.swift */; };
		F13D34822984030700B5866E /* String.swift in Sources */ = {isa = PBXBuildFile; fileRef = F13D34812984030700B5866E /* String.swift */; };
		F144E623298269910019304C /* Movie.swift in Sources */ = {isa = PBXBuildFile; fileRef = F144E622298269910019304C /* Movie.swift */; };
		F144E62829826C070019304C /* PreviewProvider.swift in Sources */ = {isa = PBXBuildFile; fileRef = F144E62729826C070019304C /* PreviewProvider.swift */; };
		F144E62A29826E770019304C /* Optional.swift in Sources */ = {isa = PBXBuildFile; fileRef = F144E62929826E770019304C /* Optional.swift */; };
		F144E62C298276240019304C /* Colors.xcassets in Resources */ = {isa = PBXBuildFile; fileRef = F144E62B298276240019304C /* Colors.xcassets */; };
		F144E62E298276490019304C /* Color.swift in Sources */ = {isa = PBXBuildFile; fileRef = F144E62D298276490019304C /* Color.swift */; };
		F144E67229829BD70019304C /* Poppins-Black.ttf in Resources */ = {isa = PBXBuildFile; fileRef = F144E64E298298FB0019304C /* Poppins-Black.ttf */; };
		F144E67329829BD70019304C /* Poppins-Bold.ttf in Resources */ = {isa = PBXBuildFile; fileRef = F144E64D298298FA0019304C /* Poppins-Bold.ttf */; };
		F144E67429829BD70019304C /* Poppins-Light.ttf in Resources */ = {isa = PBXBuildFile; fileRef = F144E653298298FE0019304C /* Poppins-Light.ttf */; };
		F144E67529829BD70019304C /* Poppins-Medium.ttf in Resources */ = {isa = PBXBuildFile; fileRef = F144E654298298FF0019304C /* Poppins-Medium.ttf */; };
		F144E67B2982AB650019304C /* SearchBar.swift in Sources */ = {isa = PBXBuildFile; fileRef = F144E67A2982AB650019304C /* SearchBar.swift */; };
		F144E67D2982AD530019304C /* View.swift in Sources */ = {isa = PBXBuildFile; fileRef = F144E67C2982AD530019304C /* View.swift */; };
		F144E67F2982AD5D0019304C /* UIApplication.swift in Sources */ = {isa = PBXBuildFile; fileRef = F144E67E2982AD5D0019304C /* UIApplication.swift */; };
		F1942B0F2C439DA700266BAD /* secrets-debug.xcconfig in Resources */ = {isa = PBXBuildFile; fileRef = F1942B0E2C439DA700266BAD /* secrets-debug.xcconfig */; };
		F1942B122C439FE600266BAD /* Build.swift in Sources */ = {isa = PBXBuildFile; fileRef = F1942B112C439FE600266BAD /* Build.swift */; };
		F1942B172C43B5F700266BAD /* PreviewCardView.swift in Sources */ = {isa = PBXBuildFile; fileRef = F1942B162C43B5F700266BAD /* PreviewCardView.swift */; };
		F19AEB042C43C83000A43246 /* ImageCache.swift in Sources */ = {isa = PBXBuildFile; fileRef = F19AEB032C43C83000A43246 /* ImageCache.swift */; };
		F19AEB062C43C8A400A43246 /* MButton.swift in Sources */ = {isa = PBXBuildFile; fileRef = F19AEB052C43C8A400A43246 /* MButton.swift */; };
		F19AEB082C43D8C000A43246 /* ContinueWatchingCardView.swift in Sources */ = {isa = PBXBuildFile; fileRef = F19AEB072C43D8C000A43246 /* ContinueWatchingCardView.swift */; };
		F19AEB0A2C43E09D00A43246 /* Top10CardView.swift in Sources */ = {isa = PBXBuildFile; fileRef = F19AEB092C43E09D00A43246 /* Top10CardView.swift */; };
		F19AEB0C2C43E55D00A43246 /* MTitleView.swift in Sources */ = {isa = PBXBuildFile; fileRef = F19AEB0B2C43E55D00A43246 /* MTitleView.swift */; };
		F19AEB0E2C43E6F800A43246 /* TopMovieView.swift in Sources */ = {isa = PBXBuildFile; fileRef = F19AEB0D2C43E6F800A43246 /* TopMovieView.swift */; };
		F1AD182429813A5A00B5A0A7 /* MoviesApp.swift in Sources */ = {isa = PBXBuildFile; fileRef = F1AD182329813A5A00B5A0A7 /* MoviesApp.swift */; };
		F1AD182829813A5C00B5A0A7 /* Assets.xcassets in Resources */ = {isa = PBXBuildFile; fileRef = F1AD182729813A5C00B5A0A7 /* Assets.xcassets */; };
		F1AD182B29813A5C00B5A0A7 /* Preview Assets.xcassets in Resources */ = {isa = PBXBuildFile; fileRef = F1AD182A29813A5C00B5A0A7 /* Preview Assets.xcassets */; };
		F1AD183829813AC500B5A0A7 /* HomeView.swift in Sources */ = {isa = PBXBuildFile; fileRef = F1AD183729813AC500B5A0A7 /* HomeView.swift */; };
		F1AD183A2981444F00B5A0A7 /* MoviesNetworkingService.swift in Sources */ = {isa = PBXBuildFile; fileRef = F1AD18392981444F00B5A0A7 /* MoviesNetworkingService.swift */; };
		F1AD183C2981462100B5A0A7 /* Endpoint.swift in Sources */ = {isa = PBXBuildFile; fileRef = F1AD183B2981462100B5A0A7 /* Endpoint.swift */; };
		F1AD183E298147A100B5A0A7 /* DefaultURLBuilder.swift in Sources */ = {isa = PBXBuildFile; fileRef = F1AD183D298147A100B5A0A7 /* DefaultURLBuilder.swift */; };
		F1AD184029814F4B00B5A0A7 /* APIConstructor.swift in Sources */ = {isa = PBXBuildFile; fileRef = F1AD183F29814F4B00B5A0A7 /* APIConstructor.swift */; };
		F1B4C4E52C48F570009D29ED /* MBackButton.swift in Sources */ = {isa = PBXBuildFile; fileRef = F1B4C4E42C48F570009D29ED /* MBackButton.swift */; };
		F1C0C43D2981585A00AD856B /* Genre.swift in Sources */ = {isa = PBXBuildFile; fileRef = F1C0C43C2981585A00AD856B /* Genre.swift */; };
		F1C0C43F298158AA00AD856B /* HomeViewModel.swift in Sources */ = {isa = PBXBuildFile; fileRef = F1C0C43E298158AA00AD856B /* HomeViewModel.swift */; };
		F1C0C44129815F0E00AD856B /* GenreCard.swift in Sources */ = {isa = PBXBuildFile; fileRef = F1C0C44029815F0E00AD856B /* GenreCard.swift */; };
/* End PBXBuildFile section */

/* Begin PBXFileReference section */
		F1078EBB2C523960001A962C /* MovieDescriptionView.swift */ = {isa = PBXFileReference; lastKnownFileType = sourcecode.swift; path = MovieDescriptionView.swift; sourceTree = "<group>"; };
		F1078EBD2C523AC9001A962C /* MovieInfoView.swift */ = {isa = PBXFileReference; lastKnownFileType = sourcecode.swift; path = MovieInfoView.swift; sourceTree = "<group>"; };
		F1078EC02C523C2D001A962C /* DetailViewModel.swift */ = {isa = PBXFileReference; lastKnownFileType = sourcecode.swift; path = DetailViewModel.swift; sourceTree = "<group>"; };
		F1078EC22C523C96001A962C /* MovieDetails.swift */ = {isa = PBXFileReference; lastKnownFileType = sourcecode.swift; path = MovieDetails.swift; sourceTree = "<group>"; };
		F1078EC42C52459C001A962C /* MovieImages.swift */ = {isa = PBXFileReference; lastKnownFileType = sourcecode.swift; path = MovieImages.swift; sourceTree = "<group>"; };
		F11504662C482B1400C18FDF /* Launch Screen.storyboard */ = {isa = PBXFileReference; lastKnownFileType = file.storyboard; path = "Launch Screen.storyboard"; sourceTree = "<group>"; };
		F13D34752983D2B900B5866E /* DetailView.swift */ = {isa = PBXFileReference; lastKnownFileType = sourcecode.swift; path = DetailView.swift; sourceTree = "<group>"; };
		F13D34772983E46600B5866E /* MImageView.swift */ = {isa = PBXFileReference; lastKnownFileType = sourcecode.swift; path = MImageView.swift; sourceTree = "<group>"; };
		F13D34792983EE7200B5866E /* Double.swift */ = {isa = PBXFileReference; lastKnownFileType = sourcecode.swift; path = Double.swift; sourceTree = "<group>"; };
		F13D347D2983F7A700B5866E /* Review.swift */ = {isa = PBXFileReference; lastKnownFileType = sourcecode.swift; path = Review.swift; sourceTree = "<group>"; };
		F13D347F2983FC6500B5866E /* ReviewCard.swift */ = {isa = PBXFileReference; lastKnownFileType = sourcecode.swift; path = ReviewCard.swift; sourceTree = "<group>"; };
		F13D34812984030700B5866E /* String.swift */ = {isa = PBXFileReference; lastKnownFileType = sourcecode.swift; path = String.swift; sourceTree = "<group>"; };
		F144E622298269910019304C /* Movie.swift */ = {isa = PBXFileReference; lastKnownFileType = sourcecode.swift; path = Movie.swift; sourceTree = "<group>"; };
		F144E62729826C070019304C /* PreviewProvider.swift */ = {isa = PBXFileReference; lastKnownFileType = sourcecode.swift; path = PreviewProvider.swift; sourceTree = "<group>"; };
		F144E62929826E770019304C /* Optional.swift */ = {isa = PBXFileReference; lastKnownFileType = sourcecode.swift; path = Optional.swift; sourceTree = "<group>"; };
		F144E62B298276240019304C /* Colors.xcassets */ = {isa = PBXFileReference; lastKnownFileType = folder.assetcatalog; path = Colors.xcassets; sourceTree = "<group>"; };
		F144E62D298276490019304C /* Color.swift */ = {isa = PBXFileReference; lastKnownFileType = sourcecode.swift; path = Color.swift; sourceTree = "<group>"; };
		F144E64D298298FA0019304C /* Poppins-Bold.ttf */ = {isa = PBXFileReference; lastKnownFileType = file; path = "Poppins-Bold.ttf"; sourceTree = "<group>"; };
		F144E64E298298FB0019304C /* Poppins-Black.ttf */ = {isa = PBXFileReference; lastKnownFileType = file; path = "Poppins-Black.ttf"; sourceTree = "<group>"; };
		F144E653298298FE0019304C /* Poppins-Light.ttf */ = {isa = PBXFileReference; lastKnownFileType = file; path = "Poppins-Light.ttf"; sourceTree = "<group>"; };
		F144E654298298FF0019304C /* Poppins-Medium.ttf */ = {isa = PBXFileReference; lastKnownFileType = file; path = "Poppins-Medium.ttf"; sourceTree = "<group>"; };
		F144E67129829BBA0019304C /* Info.plist */ = {isa = PBXFileReference; lastKnownFileType = text.plist.xml; path = Info.plist; sourceTree = "<group>"; };
		F144E67A2982AB650019304C /* SearchBar.swift */ = {isa = PBXFileReference; lastKnownFileType = sourcecode.swift; path = SearchBar.swift; sourceTree = "<group>"; };
		F144E67C2982AD530019304C /* View.swift */ = {isa = PBXFileReference; lastKnownFileType = sourcecode.swift; path = View.swift; sourceTree = "<group>"; };
		F144E67E2982AD5D0019304C /* UIApplication.swift */ = {isa = PBXFileReference; lastKnownFileType = sourcecode.swift; path = UIApplication.swift; sourceTree = "<group>"; };
		F1942B0E2C439DA700266BAD /* secrets-debug.xcconfig */ = {isa = PBXFileReference; fileEncoding = 4; lastKnownFileType = text.xcconfig; path = "secrets-debug.xcconfig"; sourceTree = "<group>"; };
		F1942B112C439FE600266BAD /* Build.swift */ = {isa = PBXFileReference; lastKnownFileType = sourcecode.swift; path = Build.swift; sourceTree = "<group>"; };
		F1942B162C43B5F700266BAD /* PreviewCardView.swift */ = {isa = PBXFileReference; lastKnownFileType = sourcecode.swift; path = PreviewCardView.swift; sourceTree = "<group>"; };
		F19AEB032C43C83000A43246 /* ImageCache.swift */ = {isa = PBXFileReference; lastKnownFileType = sourcecode.swift; path = ImageCache.swift; sourceTree = "<group>"; };
		F19AEB052C43C8A400A43246 /* MButton.swift */ = {isa = PBXFileReference; lastKnownFileType = sourcecode.swift; path = MButton.swift; sourceTree = "<group>"; };
		F19AEB072C43D8C000A43246 /* ContinueWatchingCardView.swift */ = {isa = PBXFileReference; lastKnownFileType = sourcecode.swift; path = ContinueWatchingCardView.swift; sourceTree = "<group>"; };
		F19AEB092C43E09D00A43246 /* Top10CardView.swift */ = {isa = PBXFileReference; lastKnownFileType = sourcecode.swift; path = Top10CardView.swift; sourceTree = "<group>"; };
		F19AEB0B2C43E55D00A43246 /* MTitleView.swift */ = {isa = PBXFileReference; lastKnownFileType = sourcecode.swift; path = MTitleView.swift; sourceTree = "<group>"; };
		F19AEB0D2C43E6F800A43246 /* TopMovieView.swift */ = {isa = PBXFileReference; lastKnownFileType = sourcecode.swift; path = TopMovieView.swift; sourceTree = "<group>"; };
		F1AD182029813A5A00B5A0A7 /* MoviesApp.app */ = {isa = PBXFileReference; explicitFileType = wrapper.application; includeInIndex = 0; path = MoviesApp.app; sourceTree = BUILT_PRODUCTS_DIR; };
		F1AD182329813A5A00B5A0A7 /* MoviesApp.swift */ = {isa = PBXFileReference; lastKnownFileType = sourcecode.swift; path = MoviesApp.swift; sourceTree = "<group>"; };
		F1AD182729813A5C00B5A0A7 /* Assets.xcassets */ = {isa = PBXFileReference; lastKnownFileType = folder.assetcatalog; path = Assets.xcassets; sourceTree = "<group>"; };
		F1AD182A29813A5C00B5A0A7 /* Preview Assets.xcassets */ = {isa = PBXFileReference; lastKnownFileType = folder.assetcatalog; path = "Preview Assets.xcassets"; sourceTree = "<group>"; };
		F1AD183729813AC500B5A0A7 /* HomeView.swift */ = {isa = PBXFileReference; lastKnownFileType = sourcecode.swift; path = HomeView.swift; sourceTree = "<group>"; };
		F1AD18392981444F00B5A0A7 /* MoviesNetworkingService.swift */ = {isa = PBXFileReference; lastKnownFileType = sourcecode.swift; path = MoviesNetworkingService.swift; sourceTree = "<group>"; };
		F1AD183B2981462100B5A0A7 /* Endpoint.swift */ = {isa = PBXFileReference; lastKnownFileType = sourcecode.swift; path = Endpoint.swift; sourceTree = "<group>"; };
		F1AD183D298147A100B5A0A7 /* DefaultURLBuilder.swift */ = {isa = PBXFileReference; lastKnownFileType = sourcecode.swift; path = DefaultURLBuilder.swift; sourceTree = "<group>"; };
		F1AD183F29814F4B00B5A0A7 /* APIConstructor.swift */ = {isa = PBXFileReference; lastKnownFileType = sourcecode.swift; path = APIConstructor.swift; sourceTree = "<group>"; };
		F1B4C4E42C48F570009D29ED /* MBackButton.swift */ = {isa = PBXFileReference; lastKnownFileType = sourcecode.swift; path = MBackButton.swift; sourceTree = "<group>"; };
		F1C0C43C2981585A00AD856B /* Genre.swift */ = {isa = PBXFileReference; lastKnownFileType = sourcecode.swift; path = Genre.swift; sourceTree = "<group>"; };
		F1C0C43E298158AA00AD856B /* HomeViewModel.swift */ = {isa = PBXFileReference; lastKnownFileType = sourcecode.swift; path = HomeViewModel.swift; sourceTree = "<group>"; };
		F1C0C44029815F0E00AD856B /* GenreCard.swift */ = {isa = PBXFileReference; lastKnownFileType = sourcecode.swift; path = GenreCard.swift; sourceTree = "<group>"; };
/* End PBXFileReference section */

/* Begin PBXFrameworksBuildPhase section */
		F1AD181D29813A5A00B5A0A7 /* Frameworks */ = {
			isa = PBXFrameworksBuildPhase;
			buildActionMask = 2147483647;
			files = (
			);
			runOnlyForDeploymentPostprocessing = 0;
		};
/* End PBXFrameworksBuildPhase section */

/* Begin PBXGroup section */
		F1078EBF2C523C07001A962C /* Details */ = {
			isa = PBXGroup;
			children = (
				F13D34752983D2B900B5866E /* DetailView.swift */,
				F1078EC02C523C2D001A962C /* DetailViewModel.swift */,
			);
			path = Details;
			sourceTree = "<group>";
		};
		F144E62629826BCB0019304C /* Extensions */ = {
			isa = PBXGroup;
			children = (
				F144E62729826C070019304C /* PreviewProvider.swift */,
				F144E62929826E770019304C /* Optional.swift */,
				F144E62D298276490019304C /* Color.swift */,
				F144E67C2982AD530019304C /* View.swift */,
				F144E67E2982AD5D0019304C /* UIApplication.swift */,
				F13D34792983EE7200B5866E /* Double.swift */,
				F13D34812984030700B5866E /* String.swift */,
			);
			path = Extensions;
			sourceTree = "<group>";
		};
		F144E647298298C60019304C /* Fonts */ = {
			isa = PBXGroup;
			children = (
				F144E64E298298FB0019304C /* Poppins-Black.ttf */,
				F144E64D298298FA0019304C /* Poppins-Bold.ttf */,
				F144E653298298FE0019304C /* Poppins-Light.ttf */,
				F144E654298298FF0019304C /* Poppins-Medium.ttf */,
			);
			path = Fonts;
			sourceTree = "<group>";
		};
		F167CC7C2C48142800ACC3C7 /* Cache */ = {
			isa = PBXGroup;
			children = (
				F19AEB032C43C83000A43246 /* ImageCache.swift */,
			);
			path = Cache;
			sourceTree = "<group>";
		};
		F167CC7D2C48144300ACC3C7 /* Utils */ = {
			isa = PBXGroup;
			children = (
				F144E62629826BCB0019304C /* Extensions */,
			);
			path = Utils;
			sourceTree = "<group>";
		};
		F1942B102C439FD300266BAD /* Configuration */ = {
			isa = PBXGroup;
			children = (
				F1942B112C439FE600266BAD /* Build.swift */,
			);
			path = Configuration;
			sourceTree = "<group>";
		};
		F1942B132C43B43800266BAD /* Screens */ = {
			isa = PBXGroup;
			children = (
				F1942B142C43B46900266BAD /* Home */,
				F1078EBF2C523C07001A962C /* Details */,
			);
			path = Screens;
			sourceTree = "<group>";
		};
		F1942B142C43B46900266BAD /* Home */ = {
			isa = PBXGroup;
			children = (
				F1AD183729813AC500B5A0A7 /* HomeView.swift */,
				F1C0C43E298158AA00AD856B /* HomeViewModel.swift */,
			);
			path = Home;
			sourceTree = "<group>";
		};
		F1942B152C43B47000266BAD /* UI */ = {
			isa = PBXGroup;
			children = (
				F1AD183329813A9200B5A0A7 /* Components */,
				F1942B132C43B43800266BAD /* Screens */,
			);
			path = UI;
			sourceTree = "<group>";
		};
		F19AEB022C43C80C00A43246 /* Data */ = {
			isa = PBXGroup;
			children = (
				F167CC7C2C48142800ACC3C7 /* Cache */,
				F1AD183629813AA600B5A0A7 /* Networking */,
			);
			path = Data;
			sourceTree = "<group>";
		};
		F1AD181729813A5A00B5A0A7 = {
			isa = PBXGroup;
			children = (
				F1AD182229813A5A00B5A0A7 /* MoviesApp */,
				F1AD182129813A5A00B5A0A7 /* Products */,
			);
			sourceTree = "<group>";
		};
		F1AD182129813A5A00B5A0A7 /* Products */ = {
			isa = PBXGroup;
			children = (
				F1AD182029813A5A00B5A0A7 /* MoviesApp.app */,
			);
			name = Products;
			sourceTree = "<group>";
		};
		F1AD182229813A5A00B5A0A7 /* MoviesApp */ = {
			isa = PBXGroup;
			children = (
				F19AEB022C43C80C00A43246 /* Data */,
				F1942B152C43B47000266BAD /* UI */,
				F167CC7D2C48144300ACC3C7 /* Utils */,
				F1AD183129813A7300B5A0A7 /* Supporting Files */,
			);
			path = MoviesApp;
			sourceTree = "<group>";
		};
		F1AD182929813A5C00B5A0A7 /* Preview Content */ = {
			isa = PBXGroup;
			children = (
				F1AD182A29813A5C00B5A0A7 /* Preview Assets.xcassets */,
			);
			path = "Preview Content";
			sourceTree = "<group>";
		};
		F1AD183129813A7300B5A0A7 /* Supporting Files */ = {
			isa = PBXGroup;
			children = (
				F1942B102C439FD300266BAD /* Configuration */,
				F144E647298298C60019304C /* Fonts */,
				F1AD182929813A5C00B5A0A7 /* Preview Content */,
				F144E67129829BBA0019304C /* Info.plist */,
				F1942B0E2C439DA700266BAD /* secrets-debug.xcconfig */,
				F1AD182329813A5A00B5A0A7 /* MoviesApp.swift */,
				F1AD182729813A5C00B5A0A7 /* Assets.xcassets */,
				F144E62B298276240019304C /* Colors.xcassets */,
				F11504662C482B1400C18FDF /* Launch Screen.storyboard */,
			);
			path = "Supporting Files";
			sourceTree = "<group>";
		};
		F1AD183329813A9200B5A0A7 /* Components */ = {
			isa = PBXGroup;
			children = (
				F1B4C4E92C4912E2009D29ED /* Buttons */,
				F1B4C4EB2C4912F3009D29ED /* ImageView */,
				F1B4C4EA2C4912E8009D29ED /* Reusable */,
			);
			path = Components;
			sourceTree = "<group>";
		};
		F1AD183529813A9F00B5A0A7 /* Model */ = {
			isa = PBXGroup;
			children = (
				F1C0C43C2981585A00AD856B /* Genre.swift */,
				F144E622298269910019304C /* Movie.swift */,
				F13D347D2983F7A700B5866E /* Review.swift */,
				F1078EC22C523C96001A962C /* MovieDetails.swift */,
				F1078EC42C52459C001A962C /* MovieImages.swift */,
			);
			path = Model;
			sourceTree = "<group>";
		};
		F1AD183629813AA600B5A0A7 /* Networking */ = {
			isa = PBXGroup;
			children = (
				F1AD183529813A9F00B5A0A7 /* Model */,
				F1AD18392981444F00B5A0A7 /* MoviesNetworkingService.swift */,
				F1AD183D298147A100B5A0A7 /* DefaultURLBuilder.swift */,
				F1AD183F29814F4B00B5A0A7 /* APIConstructor.swift */,
				F1AD183B2981462100B5A0A7 /* Endpoint.swift */,
			);
			path = Networking;
			sourceTree = "<group>";
		};
		F1B4C4E92C4912E2009D29ED /* Buttons */ = {
			isa = PBXGroup;
			children = (
				F19AEB052C43C8A400A43246 /* MButton.swift */,
				F1B4C4E42C48F570009D29ED /* MBackButton.swift */,
			);
			path = Buttons;
			sourceTree = "<group>";
		};
		F1B4C4EA2C4912E8009D29ED /* Reusable */ = {
			isa = PBXGroup;
			children = (
				F1C0C44029815F0E00AD856B /* GenreCard.swift */,
				F144E67A2982AB650019304C /* SearchBar.swift */,
				F13D347F2983FC6500B5866E /* ReviewCard.swift */,
				F1942B162C43B5F700266BAD /* PreviewCardView.swift */,
				F19AEB072C43D8C000A43246 /* ContinueWatchingCardView.swift */,
				F19AEB092C43E09D00A43246 /* Top10CardView.swift */,
				F19AEB0B2C43E55D00A43246 /* MTitleView.swift */,
				F19AEB0D2C43E6F800A43246 /* TopMovieView.swift */,
				F1078EBD2C523AC9001A962C /* MovieInfoView.swift */,
				F1078EBB2C523960001A962C /* MovieDescriptionView.swift */,
			);
			path = Reusable;
			sourceTree = "<group>";
		};
		F1B4C4EB2C4912F3009D29ED /* ImageView */ = {
			isa = PBXGroup;
			children = (
				F13D34772983E46600B5866E /* MImageView.swift */,
			);
			path = ImageView;
			sourceTree = "<group>";
		};
/* End PBXGroup section */

/* Begin PBXNativeTarget section */
		F1AD181F29813A5A00B5A0A7 /* MoviesApp */ = {
			isa = PBXNativeTarget;
			buildConfigurationList = F1AD182E29813A5C00B5A0A7 /* Build configuration list for PBXNativeTarget "MoviesApp" */;
			buildPhases = (
				F1AD181C29813A5A00B5A0A7 /* Sources */,
				F1AD181D29813A5A00B5A0A7 /* Frameworks */,
				F1AD181E29813A5A00B5A0A7 /* Resources */,
			);
			buildRules = (
			);
			dependencies = (
			);
			name = MoviesApp;
			packageProductDependencies = (
			);
			productName = MoviesApp;
			productReference = F1AD182029813A5A00B5A0A7 /* MoviesApp.app */;
			productType = "com.apple.product-type.application";
		};
/* End PBXNativeTarget section */

/* Begin PBXProject section */
		F1AD181829813A5A00B5A0A7 /* Project object */ = {
			isa = PBXProject;
			attributes = {
				BuildIndependentTargetsInParallel = 1;
				LastSwiftUpdateCheck = 1410;
				LastUpgradeCheck = 1410;
				TargetAttributes = {
					F1AD181F29813A5A00B5A0A7 = {
						CreatedOnToolsVersion = 14.1;
					};
				};
			};
			buildConfigurationList = F1AD181B29813A5A00B5A0A7 /* Build configuration list for PBXProject "MoviesApp" */;
			compatibilityVersion = "Xcode 14.0";
			developmentRegion = en;
			hasScannedForEncodings = 0;
			knownRegions = (
				en,
				Base,
			);
			mainGroup = F1AD181729813A5A00B5A0A7;
			packageReferences = (
			);
			productRefGroup = F1AD182129813A5A00B5A0A7 /* Products */;
			projectDirPath = "";
			projectRoot = "";
			targets = (
				F1AD181F29813A5A00B5A0A7 /* MoviesApp */,
			);
		};
/* End PBXProject section */

/* Begin PBXResourcesBuildPhase section */
		F1AD181E29813A5A00B5A0A7 /* Resources */ = {
			isa = PBXResourcesBuildPhase;
			buildActionMask = 2147483647;
			files = (
				F144E67229829BD70019304C /* Poppins-Black.ttf in Resources */,
				F144E67329829BD70019304C /* Poppins-Bold.ttf in Resources */,
				F1942B0F2C439DA700266BAD /* secrets-debug.xcconfig in Resources */,
				F144E67429829BD70019304C /* Poppins-Light.ttf in Resources */,
				F144E67529829BD70019304C /* Poppins-Medium.ttf in Resources */,
				F144E62C298276240019304C /* Colors.xcassets in Resources */,
				F1AD182B29813A5C00B5A0A7 /* Preview Assets.xcassets in Resources */,
				F11504672C482B1400C18FDF /* Launch Screen.storyboard in Resources */,
				F1AD182829813A5C00B5A0A7 /* Assets.xcassets in Resources */,
			);
			runOnlyForDeploymentPostprocessing = 0;
		};
/* End PBXResourcesBuildPhase section */

/* Begin PBXSourcesBuildPhase section */
		F1AD181C29813A5A00B5A0A7 /* Sources */ = {
			isa = PBXSourcesBuildPhase;
			buildActionMask = 2147483647;
			files = (
				F1078EBE2C523AC9001A962C /* MovieInfoView.swift in Sources */,
				F144E67F2982AD5D0019304C /* UIApplication.swift in Sources */,
				F13D34782983E46600B5866E /* MImageView.swift in Sources */,
				F13D34762983D2B900B5866E /* DetailView.swift in Sources */,
				F144E62829826C070019304C /* PreviewProvider.swift in Sources */,
				F19AEB082C43D8C000A43246 /* ContinueWatchingCardView.swift in Sources */,
				F1AD183E298147A100B5A0A7 /* DefaultURLBuilder.swift in Sources */,
				F13D34822984030700B5866E /* String.swift in Sources */,
				F1078EC32C523C96001A962C /* MovieDetails.swift in Sources */,
				F1942B122C439FE600266BAD /* Build.swift in Sources */,
				F144E67D2982AD530019304C /* View.swift in Sources */,
				F1B4C4E52C48F570009D29ED /* MBackButton.swift in Sources */,
				F144E62A29826E770019304C /* Optional.swift in Sources */,
				F144E67B2982AB650019304C /* SearchBar.swift in Sources */,
				F1078EC52C52459C001A962C /* MovieImages.swift in Sources */,
				F1C0C43D2981585A00AD856B /* Genre.swift in Sources */,
				F19AEB042C43C83000A43246 /* ImageCache.swift in Sources */,
				F1AD183829813AC500B5A0A7 /* HomeView.swift in Sources */,
				F1942B172C43B5F700266BAD /* PreviewCardView.swift in Sources */,
				F1078EC12C523C2D001A962C /* DetailViewModel.swift in Sources */,
				F1C0C43F298158AA00AD856B /* HomeViewModel.swift in Sources */,
				F19AEB0A2C43E09D00A43246 /* Top10CardView.swift in Sources */,
				F144E623298269910019304C /* Movie.swift in Sources */,
				F1C0C44129815F0E00AD856B /* GenreCard.swift in Sources */,
				F1078EBC2C523960001A962C /* MovieDescriptionView.swift in Sources */,
				F144E62E298276490019304C /* Color.swift in Sources */,
				F1AD183A2981444F00B5A0A7 /* MoviesNetworkingService.swift in Sources */,
				F19AEB062C43C8A400A43246 /* MButton.swift in Sources */,
				F19AEB0C2C43E55D00A43246 /* MTitleView.swift in Sources */,
				F1AD184029814F4B00B5A0A7 /* APIConstructor.swift in Sources */,
				F13D347E2983F7A700B5866E /* Review.swift in Sources */,
				F1AD183C2981462100B5A0A7 /* Endpoint.swift in Sources */,
				F19AEB0E2C43E6F800A43246 /* TopMovieView.swift in Sources */,
				F13D347A2983EE7200B5866E /* Double.swift in Sources */,
				F1AD182429813A5A00B5A0A7 /* MoviesApp.swift in Sources */,
				F13D34802983FC6500B5866E /* ReviewCard.swift in Sources */,
			);
			runOnlyForDeploymentPostprocessing = 0;
		};
/* End PBXSourcesBuildPhase section */

/* Begin XCBuildConfiguration section */
		F1AD182C29813A5C00B5A0A7 /* Debug */ = {
			isa = XCBuildConfiguration;
			buildSettings = {
				ALWAYS_SEARCH_USER_PATHS = NO;
				CLANG_ANALYZER_NONNULL = YES;
				CLANG_ANALYZER_NUMBER_OBJECT_CONVERSION = YES_AGGRESSIVE;
				CLANG_CXX_LANGUAGE_STANDARD = "gnu++20";
				CLANG_ENABLE_MODULES = YES;
				CLANG_ENABLE_OBJC_ARC = YES;
				CLANG_ENABLE_OBJC_WEAK = YES;
				CLANG_WARN_BLOCK_CAPTURE_AUTORELEASING = YES;
				CLANG_WARN_BOOL_CONVERSION = YES;
				CLANG_WARN_COMMA = YES;
				CLANG_WARN_CONSTANT_CONVERSION = YES;
				CLANG_WARN_DEPRECATED_OBJC_IMPLEMENTATIONS = YES;
				CLANG_WARN_DIRECT_OBJC_ISA_USAGE = YES_ERROR;
				CLANG_WARN_DOCUMENTATION_COMMENTS = YES;
				CLANG_WARN_EMPTY_BODY = YES;
				CLANG_WARN_ENUM_CONVERSION = YES;
				CLANG_WARN_INFINITE_RECURSION = YES;
				CLANG_WARN_INT_CONVERSION = YES;
				CLANG_WARN_NON_LITERAL_NULL_CONVERSION = YES;
				CLANG_WARN_OBJC_IMPLICIT_RETAIN_SELF = YES;
				CLANG_WARN_OBJC_LITERAL_CONVERSION = YES;
				CLANG_WARN_OBJC_ROOT_CLASS = YES_ERROR;
				CLANG_WARN_QUOTED_INCLUDE_IN_FRAMEWORK_HEADER = YES;
				CLANG_WARN_RANGE_LOOP_ANALYSIS = YES;
				CLANG_WARN_STRICT_PROTOTYPES = YES;
				CLANG_WARN_SUSPICIOUS_MOVE = YES;
				CLANG_WARN_UNGUARDED_AVAILABILITY = YES_AGGRESSIVE;
				CLANG_WARN_UNREACHABLE_CODE = YES;
				CLANG_WARN__DUPLICATE_METHOD_MATCH = YES;
				COPY_PHASE_STRIP = NO;
				DEBUG_INFORMATION_FORMAT = dwarf;
				ENABLE_STRICT_OBJC_MSGSEND = YES;
				ENABLE_TESTABILITY = YES;
				GCC_C_LANGUAGE_STANDARD = gnu11;
				GCC_DYNAMIC_NO_PIC = NO;
				GCC_NO_COMMON_BLOCKS = YES;
				GCC_OPTIMIZATION_LEVEL = 0;
				GCC_PREPROCESSOR_DEFINITIONS = (
					"DEBUG=1",
					"$(inherited)",
				);
				GCC_WARN_64_TO_32_BIT_CONVERSION = YES;
				GCC_WARN_ABOUT_RETURN_TYPE = YES_ERROR;
				GCC_WARN_UNDECLARED_SELECTOR = YES;
				GCC_WARN_UNINITIALIZED_AUTOS = YES_AGGRESSIVE;
				GCC_WARN_UNUSED_FUNCTION = YES;
				GCC_WARN_UNUSED_VARIABLE = YES;
				IPHONEOS_DEPLOYMENT_TARGET = 16.1;
				MTL_ENABLE_DEBUG_INFO = INCLUDE_SOURCE;
				MTL_FAST_MATH = YES;
				ONLY_ACTIVE_ARCH = YES;
				SDKROOT = iphoneos;
				SWIFT_ACTIVE_COMPILATION_CONDITIONS = DEBUG;
				SWIFT_OPTIMIZATION_LEVEL = "-Onone";
			};
			name = Debug;
		};
		F1AD182D29813A5C00B5A0A7 /* Release */ = {
			isa = XCBuildConfiguration;
			buildSettings = {
				ALWAYS_SEARCH_USER_PATHS = NO;
				CLANG_ANALYZER_NONNULL = YES;
				CLANG_ANALYZER_NUMBER_OBJECT_CONVERSION = YES_AGGRESSIVE;
				CLANG_CXX_LANGUAGE_STANDARD = "gnu++20";
				CLANG_ENABLE_MODULES = YES;
				CLANG_ENABLE_OBJC_ARC = YES;
				CLANG_ENABLE_OBJC_WEAK = YES;
				CLANG_WARN_BLOCK_CAPTURE_AUTORELEASING = YES;
				CLANG_WARN_BOOL_CONVERSION = YES;
				CLANG_WARN_COMMA = YES;
				CLANG_WARN_CONSTANT_CONVERSION = YES;
				CLANG_WARN_DEPRECATED_OBJC_IMPLEMENTATIONS = YES;
				CLANG_WARN_DIRECT_OBJC_ISA_USAGE = YES_ERROR;
				CLANG_WARN_DOCUMENTATION_COMMENTS = YES;
				CLANG_WARN_EMPTY_BODY = YES;
				CLANG_WARN_ENUM_CONVERSION = YES;
				CLANG_WARN_INFINITE_RECURSION = YES;
				CLANG_WARN_INT_CONVERSION = YES;
				CLANG_WARN_NON_LITERAL_NULL_CONVERSION = YES;
				CLANG_WARN_OBJC_IMPLICIT_RETAIN_SELF = YES;
				CLANG_WARN_OBJC_LITERAL_CONVERSION = YES;
				CLANG_WARN_OBJC_ROOT_CLASS = YES_ERROR;
				CLANG_WARN_QUOTED_INCLUDE_IN_FRAMEWORK_HEADER = YES;
				CLANG_WARN_RANGE_LOOP_ANALYSIS = YES;
				CLANG_WARN_STRICT_PROTOTYPES = YES;
				CLANG_WARN_SUSPICIOUS_MOVE = YES;
				CLANG_WARN_UNGUARDED_AVAILABILITY = YES_AGGRESSIVE;
				CLANG_WARN_UNREACHABLE_CODE = YES;
				CLANG_WARN__DUPLICATE_METHOD_MATCH = YES;
				COPY_PHASE_STRIP = NO;
				DEBUG_INFORMATION_FORMAT = "dwarf-with-dsym";
				ENABLE_NS_ASSERTIONS = NO;
				ENABLE_STRICT_OBJC_MSGSEND = YES;
				GCC_C_LANGUAGE_STANDARD = gnu11;
				GCC_NO_COMMON_BLOCKS = YES;
				GCC_WARN_64_TO_32_BIT_CONVERSION = YES;
				GCC_WARN_ABOUT_RETURN_TYPE = YES_ERROR;
				GCC_WARN_UNDECLARED_SELECTOR = YES;
				GCC_WARN_UNINITIALIZED_AUTOS = YES_AGGRESSIVE;
				GCC_WARN_UNUSED_FUNCTION = YES;
				GCC_WARN_UNUSED_VARIABLE = YES;
				IPHONEOS_DEPLOYMENT_TARGET = 16.1;
				MTL_ENABLE_DEBUG_INFO = NO;
				MTL_FAST_MATH = YES;
				SDKROOT = iphoneos;
				SWIFT_COMPILATION_MODE = wholemodule;
				SWIFT_OPTIMIZATION_LEVEL = "-O";
				VALIDATE_PRODUCT = YES;
			};
			name = Release;
		};
		F1AD182F29813A5C00B5A0A7 /* Debug */ = {
			isa = XCBuildConfiguration;
			baseConfigurationReference = F1942B0E2C439DA700266BAD /* secrets-debug.xcconfig */;
			buildSettings = {
				ASSETCATALOG_COMPILER_APPICON_NAME = AppIcon;
				ASSETCATALOG_COMPILER_GLOBAL_ACCENT_COLOR_NAME = AccentColor;
				CODE_SIGN_STYLE = Automatic;
				CURRENT_PROJECT_VERSION = 1;
				DEVELOPMENT_ASSET_PATHS = "\"MoviesApp/Supporting Files/Preview Content\"";
				DEVELOPMENT_TEAM = U3QLWV6K6Y;
				ENABLE_PREVIEWS = YES;
				GENERATE_INFOPLIST_FILE = YES;
				INFOPLIST_FILE = "MoviesApp/Supporting Files/Info.plist";
				INFOPLIST_KEY_UIApplicationSceneManifest_Generation = YES;
				INFOPLIST_KEY_UIApplicationSupportsIndirectInputEvents = YES;
				INFOPLIST_KEY_UILaunchStoryboardName = "Launch Screen.storyboard";
				INFOPLIST_KEY_UISupportedInterfaceOrientations = "UIInterfaceOrientationLandscapeLeft UIInterfaceOrientationLandscapeRight UIInterfaceOrientationPortrait UIInterfaceOrientationPortraitUpsideDown";
				INFOPLIST_KEY_UISupportedInterfaceOrientations_iPad = "UIInterfaceOrientationPortrait UIInterfaceOrientationPortraitUpsideDown";
				IPHONEOS_DEPLOYMENT_TARGET = 16.0;
				LD_RUNPATH_SEARCH_PATHS = (
					"$(inherited)",
					"@executable_path/Frameworks",
				);
				MARKETING_VERSION = 1.0;
				PRODUCT_BUNDLE_IDENTIFIER = com.ahmedali.MoviesApp;
				PRODUCT_NAME = "$(TARGET_NAME)";
				SWIFT_EMIT_LOC_STRINGS = YES;
				SWIFT_VERSION = 5.0;
				TARGETED_DEVICE_FAMILY = "1,2";
			};
			name = Debug;
		};
		F1AD183029813A5C00B5A0A7 /* Release */ = {
			isa = XCBuildConfiguration;
			buildSettings = {
				ASSETCATALOG_COMPILER_APPICON_NAME = AppIcon;
				ASSETCATALOG_COMPILER_GLOBAL_ACCENT_COLOR_NAME = AccentColor;
				CODE_SIGN_STYLE = Automatic;
				CURRENT_PROJECT_VERSION = 1;
				DEVELOPMENT_ASSET_PATHS = "\"MoviesApp/Supporting Files/Preview Content\"";
				DEVELOPMENT_TEAM = U3QLWV6K6Y;
				ENABLE_PREVIEWS = YES;
				GENERATE_INFOPLIST_FILE = YES;
				INFOPLIST_FILE = "MoviesApp/Supporting Files/Info.plist";
				INFOPLIST_KEY_UIApplicationSceneManifest_Generation = YES;
				INFOPLIST_KEY_UIApplicationSupportsIndirectInputEvents = YES;
				INFOPLIST_KEY_UILaunchStoryboardName = "Launch Screen.storyboard";
				INFOPLIST_KEY_UISupportedInterfaceOrientations = "UIInterfaceOrientationLandscapeLeft UIInterfaceOrientationLandscapeRight UIInterfaceOrientationPortrait UIInterfaceOrientationPortraitUpsideDown";
				INFOPLIST_KEY_UISupportedInterfaceOrientations_iPad = "UIInterfaceOrientationPortrait UIInterfaceOrientationPortraitUpsideDown";
				IPHONEOS_DEPLOYMENT_TARGET = 16.0;
				LD_RUNPATH_SEARCH_PATHS = (
					"$(inherited)",
					"@executable_path/Frameworks",
				);
				MARKETING_VERSION = 1.0;
				PRODUCT_BUNDLE_IDENTIFIER = com.ahmedali.MoviesApp;
				PRODUCT_NAME = "$(TARGET_NAME)";
				SWIFT_EMIT_LOC_STRINGS = YES;
				SWIFT_VERSION = 5.0;
				TARGETED_DEVICE_FAMILY = "1,2";
			};
			name = Release;
		};
/* End XCBuildConfiguration section */

/* Begin XCConfigurationList section */
		F1AD181B29813A5A00B5A0A7 /* Build configuration list for PBXProject "MoviesApp" */ = {
			isa = XCConfigurationList;
			buildConfigurations = (
				F1AD182C29813A5C00B5A0A7 /* Debug */,
				F1AD182D29813A5C00B5A0A7 /* Release */,
			);
			defaultConfigurationIsVisible = 0;
			defaultConfigurationName = Release;
		};
		F1AD182E29813A5C00B5A0A7 /* Build configuration list for PBXNativeTarget "MoviesApp" */ = {
			isa = XCConfigurationList;
			buildConfigurations = (
				F1AD182F29813A5C00B5A0A7 /* Debug */,
				F1AD183029813A5C00B5A0A7 /* Release */,
			);
			defaultConfigurationIsVisible = 0;
			defaultConfigurationName = Release;
		};
/* End XCConfigurationList section */
	};
	rootObject = F1AD181829813A5A00B5A0A7 /* Project object */;
}
